// !$*UTF8*$!
{
	archiveVersion = 1;
	classes = {
	};
	objectVersion = 56;
	objects = {

/* Begin PBXBuildFile section */
		EB1AE0272A1BC83500B32E1F /* TaxaMetabolicaScreen.swift in Sources */ = {isa = PBXBuildFile; fileRef = EB1AE0262A1BC83500B32E1F /* TaxaMetabolicaScreen.swift */; };
		EB1AE0292A1BC84A00B32E1F /* TaxaMetabolicaVC.swift in Sources */ = {isa = PBXBuildFile; fileRef = EB1AE0282A1BC84A00B32E1F /* TaxaMetabolicaVC.swift */; };
		EB1AE02C2A1BDD1800B32E1F /* PorcentualVC.swift in Sources */ = {isa = PBXBuildFile; fileRef = EB1AE02B2A1BDD1800B32E1F /* PorcentualVC.swift */; };
		EB1AE02E2A1BDD2F00B32E1F /* PorcentualScreen.swift in Sources */ = {isa = PBXBuildFile; fileRef = EB1AE02D2A1BDD2F00B32E1F /* PorcentualScreen.swift */; };
		EB1AE0352A1C5A8100B32E1F /* Extension-Cors.swift in Sources */ = {isa = PBXBuildFile; fileRef = EB1AE0342A1C5A8100B32E1F /* Extension-Cors.swift */; };
		EB1AE0382A1E710700B32E1F /* TabBarViewController.swift in Sources */ = {isa = PBXBuildFile; fileRef = EB1AE0372A1E710700B32E1F /* TabBarViewController.swift */; };
		EB1AE03A2A1E734000B32E1F /* SettingsVC.swift in Sources */ = {isa = PBXBuildFile; fileRef = EB1AE0392A1E734000B32E1F /* SettingsVC.swift */; };
		EB1AE03C2A1E735300B32E1F /* HistoryVC.swift in Sources */ = {isa = PBXBuildFile; fileRef = EB1AE03B2A1E735300B32E1F /* HistoryVC.swift */; };
		EB1AE0412A1FDB4A00B32E1F /* TextFieldCustom.swift in Sources */ = {isa = PBXBuildFile; fileRef = EB1AE0402A1FDB4A00B32E1F /* TextFieldCustom.swift */; };
		EB1AE0432A1FE70900B32E1F /* ButtonCustom.swift in Sources */ = {isa = PBXBuildFile; fileRef = EB1AE0422A1FE70800B32E1F /* ButtonCustom.swift */; };
		EB1AE0452A1FEC5B00B32E1F /* TitleLabelCustom.swift in Sources */ = {isa = PBXBuildFile; fileRef = EB1AE0442A1FEC5B00B32E1F /* TitleLabelCustom.swift */; };
		EB1AE0472A1FEE5A00B32E1F /* TextLabelCustom.swift in Sources */ = {isa = PBXBuildFile; fileRef = EB1AE0462A1FEE5A00B32E1F /* TextLabelCustom.swift */; };
		EB1AE04C2A2066EE00B32E1F /* CicloCarboidratosScreen.swift in Sources */ = {isa = PBXBuildFile; fileRef = EB1AE04B2A2066EE00B32E1F /* CicloCarboidratosScreen.swift */; };
		EB1AE04E2A20670600B32E1F /* CicloCarboidratosVC.swift in Sources */ = {isa = PBXBuildFile; fileRef = EB1AE04D2A20670600B32E1F /* CicloCarboidratosVC.swift */; };
		EB1AE0502A2082B400B32E1F /* CicloCarboidratosCell.swift in Sources */ = {isa = PBXBuildFile; fileRef = EB1AE04F2A2082B400B32E1F /* CicloCarboidratosCell.swift */; };
		EB1AE0522A20FCB100B32E1F /* CicloCarboidratosCellScreen.swift in Sources */ = {isa = PBXBuildFile; fileRef = EB1AE0512A20FCB100B32E1F /* CicloCarboidratosCellScreen.swift */; };
		EB2917902A1593D900183A92 /* AppDelegate.swift in Sources */ = {isa = PBXBuildFile; fileRef = EB29178F2A1593D900183A92 /* AppDelegate.swift */; };
		EB2917922A1593D900183A92 /* SceneDelegate.swift in Sources */ = {isa = PBXBuildFile; fileRef = EB2917912A1593D900183A92 /* SceneDelegate.swift */; };
		EB2917942A1593D900183A92 /* LoginViewController.swift in Sources */ = {isa = PBXBuildFile; fileRef = EB2917932A1593D900183A92 /* LoginViewController.swift */; };
		EB2917992A1593DB00183A92 /* Assets.xcassets in Resources */ = {isa = PBXBuildFile; fileRef = EB2917982A1593DB00183A92 /* Assets.xcassets */; };
		EB29179C2A1593DB00183A92 /* LaunchScreen.storyboard in Resources */ = {isa = PBXBuildFile; fileRef = EB29179A2A1593DB00183A92 /* LaunchScreen.storyboard */; };
		EB2917A52A1595A900183A92 /* LoginScrenn.swift in Sources */ = {isa = PBXBuildFile; fileRef = EB2917A42A1595A900183A92 /* LoginScrenn.swift */; };
		EB2917A82A15963D00183A92 /* Extension-ViewCode.swift in Sources */ = {isa = PBXBuildFile; fileRef = EB2917A72A15963D00183A92 /* Extension-ViewCode.swift */; };
		EB2917AB2A1658C200183A92 /* RegisterScreen.swift in Sources */ = {isa = PBXBuildFile; fileRef = EB2917AA2A1658C200183A92 /* RegisterScreen.swift */; };
		EB2917AD2A1658D100183A92 /* RegisterViewController.swift in Sources */ = {isa = PBXBuildFile; fileRef = EB2917AC2A1658D100183A92 /* RegisterViewController.swift */; };
		EB2917B12A1662AA00183A92 /* ForgotPasswordScreen.swift in Sources */ = {isa = PBXBuildFile; fileRef = EB2917B02A1662AA00183A92 /* ForgotPasswordScreen.swift */; };
		EB2917B32A1662C300183A92 /* ForgotPaswordViewController.swift in Sources */ = {isa = PBXBuildFile; fileRef = EB2917B22A1662C300183A92 /* ForgotPaswordViewController.swift */; };
		EB2917B52A16937600183A92 /* GoogleService-Info.plist in Resources */ = {isa = PBXBuildFile; fileRef = EB2917B42A16937600183A92 /* GoogleService-Info.plist */; };
		EB2917B82A16941F00183A92 /* FirebaseAnalytics in Frameworks */ = {isa = PBXBuildFile; productRef = EB2917B72A16941F00183A92 /* FirebaseAnalytics */; };
		EB2917BA2A16941F00183A92 /* FirebaseAnalyticsOnDeviceConversion in Frameworks */ = {isa = PBXBuildFile; productRef = EB2917B92A16941F00183A92 /* FirebaseAnalyticsOnDeviceConversion */; };
		EB2917BC2A16941F00183A92 /* FirebaseAnalyticsSwift in Frameworks */ = {isa = PBXBuildFile; productRef = EB2917BB2A16941F00183A92 /* FirebaseAnalyticsSwift */; };
		EB2917BE2A16941F00183A92 /* FirebaseAnalyticsWithoutAdIdSupport in Frameworks */ = {isa = PBXBuildFile; productRef = EB2917BD2A16941F00183A92 /* FirebaseAnalyticsWithoutAdIdSupport */; };
		EB2917C02A16941F00183A92 /* FirebaseAppCheck in Frameworks */ = {isa = PBXBuildFile; productRef = EB2917BF2A16941F00183A92 /* FirebaseAppCheck */; };
		EB2917C22A16941F00183A92 /* FirebaseAppDistribution-Beta in Frameworks */ = {isa = PBXBuildFile; productRef = EB2917C12A16941F00183A92 /* FirebaseAppDistribution-Beta */; };
		EB2917C42A16941F00183A92 /* FirebaseAuth in Frameworks */ = {isa = PBXBuildFile; productRef = EB2917C32A16941F00183A92 /* FirebaseAuth */; };
		EB2917C62A16941F00183A92 /* FirebaseAuthCombine-Community in Frameworks */ = {isa = PBXBuildFile; productRef = EB2917C52A16941F00183A92 /* FirebaseAuthCombine-Community */; };
		EB2917C82A16941F00183A92 /* FirebaseCrashlytics in Frameworks */ = {isa = PBXBuildFile; productRef = EB2917C72A16941F00183A92 /* FirebaseCrashlytics */; };
		EB2917CA2A16941F00183A92 /* FirebaseDatabase in Frameworks */ = {isa = PBXBuildFile; productRef = EB2917C92A16941F00183A92 /* FirebaseDatabase */; };
		EB2917CC2A16941F00183A92 /* FirebaseDatabaseSwift in Frameworks */ = {isa = PBXBuildFile; productRef = EB2917CB2A16941F00183A92 /* FirebaseDatabaseSwift */; };
		EB2917CE2A16941F00183A92 /* FirebaseDynamicLinks in Frameworks */ = {isa = PBXBuildFile; productRef = EB2917CD2A16941F00183A92 /* FirebaseDynamicLinks */; };
		EB2917D02A16941F00183A92 /* FirebaseFirestore in Frameworks */ = {isa = PBXBuildFile; productRef = EB2917CF2A16941F00183A92 /* FirebaseFirestore */; };
		EB2917D22A16941F00183A92 /* FirebaseFirestoreCombine-Community in Frameworks */ = {isa = PBXBuildFile; productRef = EB2917D12A16941F00183A92 /* FirebaseFirestoreCombine-Community */; };
		EB2917D42A16941F00183A92 /* FirebaseFirestoreSwift in Frameworks */ = {isa = PBXBuildFile; productRef = EB2917D32A16941F00183A92 /* FirebaseFirestoreSwift */; };
		EB2917D62A16941F00183A92 /* FirebaseFunctions in Frameworks */ = {isa = PBXBuildFile; productRef = EB2917D52A16941F00183A92 /* FirebaseFunctions */; };
		EB2917D82A16941F00183A92 /* FirebaseFunctionsCombine-Community in Frameworks */ = {isa = PBXBuildFile; productRef = EB2917D72A16941F00183A92 /* FirebaseFunctionsCombine-Community */; };
		EB2917DA2A16941F00183A92 /* FirebaseInAppMessaging-Beta in Frameworks */ = {isa = PBXBuildFile; productRef = EB2917D92A16941F00183A92 /* FirebaseInAppMessaging-Beta */; };
		EB2917DC2A16941F00183A92 /* FirebaseInAppMessagingSwift-Beta in Frameworks */ = {isa = PBXBuildFile; productRef = EB2917DB2A16941F00183A92 /* FirebaseInAppMessagingSwift-Beta */; };
		EB2917DE2A16941F00183A92 /* FirebaseInstallations in Frameworks */ = {isa = PBXBuildFile; productRef = EB2917DD2A16941F00183A92 /* FirebaseInstallations */; };
		EB2917E02A16941F00183A92 /* FirebaseMLModelDownloader in Frameworks */ = {isa = PBXBuildFile; productRef = EB2917DF2A16941F00183A92 /* FirebaseMLModelDownloader */; };
		EB2917E22A16941F00183A92 /* FirebaseMessaging in Frameworks */ = {isa = PBXBuildFile; productRef = EB2917E12A16941F00183A92 /* FirebaseMessaging */; };
		EB2917E42A16941F00183A92 /* FirebasePerformance in Frameworks */ = {isa = PBXBuildFile; productRef = EB2917E32A16941F00183A92 /* FirebasePerformance */; };
		EB2917E62A16941F00183A92 /* FirebaseRemoteConfig in Frameworks */ = {isa = PBXBuildFile; productRef = EB2917E52A16941F00183A92 /* FirebaseRemoteConfig */; };
		EB2917E82A16941F00183A92 /* FirebaseRemoteConfigSwift in Frameworks */ = {isa = PBXBuildFile; productRef = EB2917E72A16941F00183A92 /* FirebaseRemoteConfigSwift */; };
		EB2917EA2A16941F00183A92 /* FirebaseStorage in Frameworks */ = {isa = PBXBuildFile; productRef = EB2917E92A16941F00183A92 /* FirebaseStorage */; };
		EB2917EC2A16941F00183A92 /* FirebaseStorageCombine-Community in Frameworks */ = {isa = PBXBuildFile; productRef = EB2917EB2A16941F00183A92 /* FirebaseStorageCombine-Community */; };
		EB2917EF2A16958400183A92 /* AlamofireImage in Frameworks */ = {isa = PBXBuildFile; productRef = EB2917EE2A16958400183A92 /* AlamofireImage */; };
		EB3F006D2A2FA37700244574 /* AvaliacaoScreen.swift in Sources */ = {isa = PBXBuildFile; fileRef = EB3F006C2A2FA37700244574 /* AvaliacaoScreen.swift */; };
		EB3F006F2A435D0F00244574 /* PorcentualViewModel.swift in Sources */ = {isa = PBXBuildFile; fileRef = EB3F006E2A435D0E00244574 /* PorcentualViewModel.swift */; };
		EB4245F82A4C9834000B648B /* AvaliacaoCell.swift in Sources */ = {isa = PBXBuildFile; fileRef = EB4245F72A4C9834000B648B /* AvaliacaoCell.swift */; };
		EB4245FB2A4C98CC000B648B /* AvaliacaoCellScreen.swift in Sources */ = {isa = PBXBuildFile; fileRef = EB4245FA2A4C98CC000B648B /* AvaliacaoCellScreen.swift */; };
		EB4245FE2A5DEF88000B648B /* LevelActivityScreen.swift in Sources */ = {isa = PBXBuildFile; fileRef = EB4245FD2A5DEF88000B648B /* LevelActivityScreen.swift */; };
		EB4246012A5DF633000B648B /* LevelActivityCell.swift in Sources */ = {isa = PBXBuildFile; fileRef = EB4246002A5DF633000B648B /* LevelActivityCell.swift */; };
		EB4246042A5DFF81000B648B /* LevelActivityModel.swift in Sources */ = {isa = PBXBuildFile; fileRef = EB4246032A5DFF81000B648B /* LevelActivityModel.swift */; };
		EB4246072A5E00B3000B648B /* LevelActivityViewModel.swift in Sources */ = {isa = PBXBuildFile; fileRef = EB4246062A5E00B3000B648B /* LevelActivityViewModel.swift */; };
		EB42461D2A5F5A36000B648B /* Montserrat-SemiBold.ttf in Resources */ = {isa = PBXBuildFile; fileRef = EB4246092A5F5A35000B648B /* Montserrat-SemiBold.ttf */; };
		EB42461E2A5F5A36000B648B /* Montserrat-Italic-VariableFont_wght.ttf in Resources */ = {isa = PBXBuildFile; fileRef = EB42460A2A5F5A35000B648B /* Montserrat-Italic-VariableFont_wght.ttf */; };
		EB42461F2A5F5A36000B648B /* Montserrat-Bold.ttf in Resources */ = {isa = PBXBuildFile; fileRef = EB42460B2A5F5A35000B648B /* Montserrat-Bold.ttf */; };
		EB4246202A5F5A36000B648B /* Montserrat-Thin.ttf in Resources */ = {isa = PBXBuildFile; fileRef = EB42460C2A5F5A35000B648B /* Montserrat-Thin.ttf */; };
		EB4246212A5F5A36000B648B /* Montserrat-ExtraLight.ttf in Resources */ = {isa = PBXBuildFile; fileRef = EB42460D2A5F5A36000B648B /* Montserrat-ExtraLight.ttf */; };
		EB4246222A5F5A36000B648B /* Montserrat-Regular.ttf in Resources */ = {isa = PBXBuildFile; fileRef = EB42460E2A5F5A36000B648B /* Montserrat-Regular.ttf */; };
		EB4246232A5F5A36000B648B /* Montserrat-ExtraLightItalic.ttf in Resources */ = {isa = PBXBuildFile; fileRef = EB42460F2A5F5A36000B648B /* Montserrat-ExtraLightItalic.ttf */; };
		EB4246242A5F5A36000B648B /* Montserrat-MediumItalic.ttf in Resources */ = {isa = PBXBuildFile; fileRef = EB4246102A5F5A36000B648B /* Montserrat-MediumItalic.ttf */; };
		EB4246252A5F5A36000B648B /* Montserrat-BoldItalic.ttf in Resources */ = {isa = PBXBuildFile; fileRef = EB4246112A5F5A36000B648B /* Montserrat-BoldItalic.ttf */; };
		EB4246262A5F5A36000B648B /* Montserrat-ExtraBold.ttf in Resources */ = {isa = PBXBuildFile; fileRef = EB4246122A5F5A36000B648B /* Montserrat-ExtraBold.ttf */; };
		EB4246272A5F5A36000B648B /* Montserrat-Italic.ttf in Resources */ = {isa = PBXBuildFile; fileRef = EB4246132A5F5A36000B648B /* Montserrat-Italic.ttf */; };
		EB4246282A5F5A36000B648B /* Montserrat-LightItalic.ttf in Resources */ = {isa = PBXBuildFile; fileRef = EB4246142A5F5A36000B648B /* Montserrat-LightItalic.ttf */; };
		EB4246292A5F5A36000B648B /* Montserrat-ThinItalic.ttf in Resources */ = {isa = PBXBuildFile; fileRef = EB4246152A5F5A36000B648B /* Montserrat-ThinItalic.ttf */; };
		EB42462A2A5F5A36000B648B /* Montserrat-VariableFont_wght.ttf in Resources */ = {isa = PBXBuildFile; fileRef = EB4246162A5F5A36000B648B /* Montserrat-VariableFont_wght.ttf */; };
		EB42462B2A5F5A36000B648B /* Montserrat-BlackItalic.ttf in Resources */ = {isa = PBXBuildFile; fileRef = EB4246172A5F5A36000B648B /* Montserrat-BlackItalic.ttf */; };
		EB42462C2A5F5A36000B648B /* Montserrat-ExtraBoldItalic.ttf in Resources */ = {isa = PBXBuildFile; fileRef = EB4246182A5F5A36000B648B /* Montserrat-ExtraBoldItalic.ttf */; };
		EB42462D2A5F5A37000B648B /* Montserrat-Black.ttf in Resources */ = {isa = PBXBuildFile; fileRef = EB4246192A5F5A36000B648B /* Montserrat-Black.ttf */; };
		EB42462E2A5F5A37000B648B /* Montserrat-Light.ttf in Resources */ = {isa = PBXBuildFile; fileRef = EB42461A2A5F5A36000B648B /* Montserrat-Light.ttf */; };
		EB42462F2A5F5A37000B648B /* Montserrat-SemiBoldItalic.ttf in Resources */ = {isa = PBXBuildFile; fileRef = EB42461B2A5F5A36000B648B /* Montserrat-SemiBoldItalic.ttf */; };
		EB4246302A5F5A37000B648B /* Montserrat-Medium.ttf in Resources */ = {isa = PBXBuildFile; fileRef = EB42461C2A5F5A36000B648B /* Montserrat-Medium.ttf */; };
		EB46B9352A2AE656001CCA2A /* GraficoVC.swift in Sources */ = {isa = PBXBuildFile; fileRef = EB46B9342A2AE656001CCA2A /* GraficoVC.swift */; };
		EB46B9372A2AE665001CCA2A /* VolumeTreinoVC.swift in Sources */ = {isa = PBXBuildFile; fileRef = EB46B9362A2AE665001CCA2A /* VolumeTreinoVC.swift */; };
		EB46B9392A2AE678001CCA2A /* TreinoVC.swift in Sources */ = {isa = PBXBuildFile; fileRef = EB46B9382A2AE678001CCA2A /* TreinoVC.swift */; };
		EB46B93B2A2AE683001CCA2A /* AvaliacaoVC.swift in Sources */ = {isa = PBXBuildFile; fileRef = EB46B93A2A2AE683001CCA2A /* AvaliacaoVC.swift */; };
		EB61272E2A2A7D4100EA8020 /* PerfilCell.swift in Sources */ = {isa = PBXBuildFile; fileRef = EB61272D2A2A7D4100EA8020 /* PerfilCell.swift */; };
		EB6AF6172A7023DC00ADB92A /* Roboto-LightItalic.ttf in Resources */ = {isa = PBXBuildFile; fileRef = EB6AF60B2A7023DC00ADB92A /* Roboto-LightItalic.ttf */; };
		EB6AF6182A7023DC00ADB92A /* Roboto-MediumItalic.ttf in Resources */ = {isa = PBXBuildFile; fileRef = EB6AF60C2A7023DC00ADB92A /* Roboto-MediumItalic.ttf */; };
		EB6AF6192A7023DC00ADB92A /* Roboto-BlackItalic.ttf in Resources */ = {isa = PBXBuildFile; fileRef = EB6AF60D2A7023DC00ADB92A /* Roboto-BlackItalic.ttf */; };
		EB6AF61A2A7023DC00ADB92A /* Roboto-Medium.ttf in Resources */ = {isa = PBXBuildFile; fileRef = EB6AF60E2A7023DC00ADB92A /* Roboto-Medium.ttf */; };
		EB6AF61B2A7023DC00ADB92A /* Roboto-Light.ttf in Resources */ = {isa = PBXBuildFile; fileRef = EB6AF60F2A7023DC00ADB92A /* Roboto-Light.ttf */; };
		EB6AF61C2A7023DC00ADB92A /* Roboto-Bold.ttf in Resources */ = {isa = PBXBuildFile; fileRef = EB6AF6102A7023DC00ADB92A /* Roboto-Bold.ttf */; };
		EB6AF61D2A7023DC00ADB92A /* Roboto-Regular.ttf in Resources */ = {isa = PBXBuildFile; fileRef = EB6AF6112A7023DC00ADB92A /* Roboto-Regular.ttf */; };
		EB6AF61E2A7023DC00ADB92A /* Roboto-ThinItalic.ttf in Resources */ = {isa = PBXBuildFile; fileRef = EB6AF6122A7023DC00ADB92A /* Roboto-ThinItalic.ttf */; };
		EB6AF61F2A7023DC00ADB92A /* Roboto-Thin.ttf in Resources */ = {isa = PBXBuildFile; fileRef = EB6AF6132A7023DC00ADB92A /* Roboto-Thin.ttf */; };
		EB6AF6202A7023DC00ADB92A /* Roboto-BoldItalic.ttf in Resources */ = {isa = PBXBuildFile; fileRef = EB6AF6142A7023DC00ADB92A /* Roboto-BoldItalic.ttf */; };
		EB6AF6212A7023DC00ADB92A /* Roboto-Black.ttf in Resources */ = {isa = PBXBuildFile; fileRef = EB6AF6152A7023DC00ADB92A /* Roboto-Black.ttf */; };
		EB6AF6222A7023DC00ADB92A /* Roboto-Italic.ttf in Resources */ = {isa = PBXBuildFile; fileRef = EB6AF6162A7023DC00ADB92A /* Roboto-Italic.ttf */; };
		EB992DCB2A24204B0049FC8E /* TaxaMetabolicaBasalViewModel.swift in Sources */ = {isa = PBXBuildFile; fileRef = EB992DCA2A24204A0049FC8E /* TaxaMetabolicaBasalViewModel.swift */; };
		EB992DCD2A2503FA0049FC8E /* LoginViewModel.swift in Sources */ = {isa = PBXBuildFile; fileRef = EB992DCC2A2503FA0049FC8E /* LoginViewModel.swift */; };
		EB992DCF2A2524E60049FC8E /* RegisterViewModel.swift in Sources */ = {isa = PBXBuildFile; fileRef = EB992DCE2A2524E60049FC8E /* RegisterViewModel.swift */; };
		EB992DD22A252C920049FC8E /* Alert.swift in Sources */ = {isa = PBXBuildFile; fileRef = EB992DD12A252C920049FC8E /* Alert.swift */; };
		EB992DD42A2539230049FC8E /* ForgotPasswordViewModel.swift in Sources */ = {isa = PBXBuildFile; fileRef = EB992DD32A2539230049FC8E /* ForgotPasswordViewModel.swift */; };
		EB992DD62A2660EA0049FC8E /* HomeViewModel.swift in Sources */ = {isa = PBXBuildFile; fileRef = EB992DD52A2660EA0049FC8E /* HomeViewModel.swift */; };
		EB992DD82A2662150049FC8E /* PerfilModel.swift in Sources */ = {isa = PBXBuildFile; fileRef = EB992DD72A2662150049FC8E /* PerfilModel.swift */; };
		EB992DDA2A2667F30049FC8E /* NewAlertCustonViewModel.swift in Sources */ = {isa = PBXBuildFile; fileRef = EB992DD92A2667F30049FC8E /* NewAlertCustonViewModel.swift */; };
		EB992DDC2A293A080049FC8E /* PerfilViewModel.swift in Sources */ = {isa = PBXBuildFile; fileRef = EB992DDB2A293A070049FC8E /* PerfilViewModel.swift */; };
		EBAF5D372A197DF500AA1692 /* HomeViewController.swift in Sources */ = {isa = PBXBuildFile; fileRef = EBAF5D362A197DF500AA1692 /* HomeViewController.swift */; };
		EBAF5D392A197E0900AA1692 /* HomeScreen.swift in Sources */ = {isa = PBXBuildFile; fileRef = EBAF5D382A197E0900AA1692 /* HomeScreen.swift */; };
		EBAF5D3B2A19816C00AA1692 /* HomeCell.swift in Sources */ = {isa = PBXBuildFile; fileRef = EBAF5D3A2A19816C00AA1692 /* HomeCell.swift */; };
		EBAF5D3E2A1B9B4100AA1692 /* NewAlertCustonScreen.swift in Sources */ = {isa = PBXBuildFile; fileRef = EBAF5D3D2A1B9B4100AA1692 /* NewAlertCustonScreen.swift */; };
		EBAF5D402A1B9B5C00AA1692 /* NewAlertCustonVC.swift in Sources */ = {isa = PBXBuildFile; fileRef = EBAF5D3F2A1B9B5C00AA1692 /* NewAlertCustonVC.swift */; };
		EBAF5D432A1BB4B500AA1692 /* PerfilVC.swift in Sources */ = {isa = PBXBuildFile; fileRef = EBAF5D422A1BB4B500AA1692 /* PerfilVC.swift */; };
		EBAF5D452A1BB4C900AA1692 /* PeriflScreen.swift in Sources */ = {isa = PBXBuildFile; fileRef = EBAF5D442A1BB4C900AA1692 /* PeriflScreen.swift */; };
		EBBF558F2A780517005459B0 /* TreinoScreen.swift in Sources */ = {isa = PBXBuildFile; fileRef = EBBF558E2A780517005459B0 /* TreinoScreen.swift */; };
		EBCD378D2A217CE3007846EF /* DietaFlexivelScreen.swift in Sources */ = {isa = PBXBuildFile; fileRef = EBCD378C2A217CE3007846EF /* DietaFlexivelScreen.swift */; };
		EBCD378F2A217D16007846EF /* DietaFlexivelVC.swift in Sources */ = {isa = PBXBuildFile; fileRef = EBCD378E2A217D16007846EF /* DietaFlexivelVC.swift */; };
/* End PBXBuildFile section */

/* Begin PBXFileReference section */
		EB1AE0262A1BC83500B32E1F /* TaxaMetabolicaScreen.swift */ = {isa = PBXFileReference; lastKnownFileType = sourcecode.swift; path = TaxaMetabolicaScreen.swift; sourceTree = "<group>"; };
		EB1AE0282A1BC84A00B32E1F /* TaxaMetabolicaVC.swift */ = {isa = PBXFileReference; lastKnownFileType = sourcecode.swift; path = TaxaMetabolicaVC.swift; sourceTree = "<group>"; };
		EB1AE02B2A1BDD1800B32E1F /* PorcentualVC.swift */ = {isa = PBXFileReference; lastKnownFileType = sourcecode.swift; path = PorcentualVC.swift; sourceTree = "<group>"; };
		EB1AE02D2A1BDD2F00B32E1F /* PorcentualScreen.swift */ = {isa = PBXFileReference; lastKnownFileType = sourcecode.swift; path = PorcentualScreen.swift; sourceTree = "<group>"; };
		EB1AE0342A1C5A8100B32E1F /* Extension-Cors.swift */ = {isa = PBXFileReference; lastKnownFileType = sourcecode.swift; path = "Extension-Cors.swift"; sourceTree = "<group>"; };
		EB1AE0372A1E710700B32E1F /* TabBarViewController.swift */ = {isa = PBXFileReference; lastKnownFileType = sourcecode.swift; path = TabBarViewController.swift; sourceTree = "<group>"; };
		EB1AE0392A1E734000B32E1F /* SettingsVC.swift */ = {isa = PBXFileReference; lastKnownFileType = sourcecode.swift; path = SettingsVC.swift; sourceTree = "<group>"; };
		EB1AE03B2A1E735300B32E1F /* HistoryVC.swift */ = {isa = PBXFileReference; lastKnownFileType = sourcecode.swift; path = HistoryVC.swift; sourceTree = "<group>"; };
		EB1AE0402A1FDB4A00B32E1F /* TextFieldCustom.swift */ = {isa = PBXFileReference; lastKnownFileType = sourcecode.swift; path = TextFieldCustom.swift; sourceTree = "<group>"; };
		EB1AE0422A1FE70800B32E1F /* ButtonCustom.swift */ = {isa = PBXFileReference; lastKnownFileType = sourcecode.swift; path = ButtonCustom.swift; sourceTree = "<group>"; };
		EB1AE0442A1FEC5B00B32E1F /* TitleLabelCustom.swift */ = {isa = PBXFileReference; lastKnownFileType = sourcecode.swift; path = TitleLabelCustom.swift; sourceTree = "<group>"; };
		EB1AE0462A1FEE5A00B32E1F /* TextLabelCustom.swift */ = {isa = PBXFileReference; lastKnownFileType = sourcecode.swift; path = TextLabelCustom.swift; sourceTree = "<group>"; };
		EB1AE04B2A2066EE00B32E1F /* CicloCarboidratosScreen.swift */ = {isa = PBXFileReference; lastKnownFileType = sourcecode.swift; path = CicloCarboidratosScreen.swift; sourceTree = "<group>"; };
		EB1AE04D2A20670600B32E1F /* CicloCarboidratosVC.swift */ = {isa = PBXFileReference; lastKnownFileType = sourcecode.swift; path = CicloCarboidratosVC.swift; sourceTree = "<group>"; };
		EB1AE04F2A2082B400B32E1F /* CicloCarboidratosCell.swift */ = {isa = PBXFileReference; lastKnownFileType = sourcecode.swift; path = CicloCarboidratosCell.swift; sourceTree = "<group>"; };
		EB1AE0512A20FCB100B32E1F /* CicloCarboidratosCellScreen.swift */ = {isa = PBXFileReference; lastKnownFileType = sourcecode.swift; path = CicloCarboidratosCellScreen.swift; sourceTree = "<group>"; };
		EB29178C2A1593D900183A92 /* CheckFitneesApp.app */ = {isa = PBXFileReference; explicitFileType = wrapper.application; includeInIndex = 0; path = CheckFitneesApp.app; sourceTree = BUILT_PRODUCTS_DIR; };
		EB29178F2A1593D900183A92 /* AppDelegate.swift */ = {isa = PBXFileReference; lastKnownFileType = sourcecode.swift; path = AppDelegate.swift; sourceTree = "<group>"; };
		EB2917912A1593D900183A92 /* SceneDelegate.swift */ = {isa = PBXFileReference; lastKnownFileType = sourcecode.swift; path = SceneDelegate.swift; sourceTree = "<group>"; };
		EB2917932A1593D900183A92 /* LoginViewController.swift */ = {isa = PBXFileReference; lastKnownFileType = sourcecode.swift; path = LoginViewController.swift; sourceTree = "<group>"; };
		EB2917982A1593DB00183A92 /* Assets.xcassets */ = {isa = PBXFileReference; lastKnownFileType = folder.assetcatalog; path = Assets.xcassets; sourceTree = "<group>"; };
		EB29179B2A1593DB00183A92 /* Base */ = {isa = PBXFileReference; lastKnownFileType = file.storyboard; name = Base; path = Base.lproj/LaunchScreen.storyboard; sourceTree = "<group>"; };
		EB29179D2A1593DB00183A92 /* Info.plist */ = {isa = PBXFileReference; lastKnownFileType = text.plist.xml; path = Info.plist; sourceTree = "<group>"; };
		EB2917A42A1595A900183A92 /* LoginScrenn.swift */ = {isa = PBXFileReference; lastKnownFileType = sourcecode.swift; path = LoginScrenn.swift; sourceTree = "<group>"; };
		EB2917A72A15963D00183A92 /* Extension-ViewCode.swift */ = {isa = PBXFileReference; lastKnownFileType = sourcecode.swift; path = "Extension-ViewCode.swift"; sourceTree = "<group>"; };
		EB2917AA2A1658C200183A92 /* RegisterScreen.swift */ = {isa = PBXFileReference; lastKnownFileType = sourcecode.swift; path = RegisterScreen.swift; sourceTree = "<group>"; };
		EB2917AC2A1658D100183A92 /* RegisterViewController.swift */ = {isa = PBXFileReference; lastKnownFileType = sourcecode.swift; path = RegisterViewController.swift; sourceTree = "<group>"; };
		EB2917B02A1662AA00183A92 /* ForgotPasswordScreen.swift */ = {isa = PBXFileReference; lastKnownFileType = sourcecode.swift; path = ForgotPasswordScreen.swift; sourceTree = "<group>"; };
		EB2917B22A1662C300183A92 /* ForgotPaswordViewController.swift */ = {isa = PBXFileReference; lastKnownFileType = sourcecode.swift; path = ForgotPaswordViewController.swift; sourceTree = "<group>"; };
		EB2917B42A16937600183A92 /* GoogleService-Info.plist */ = {isa = PBXFileReference; fileEncoding = 4; lastKnownFileType = text.plist.xml; path = "GoogleService-Info.plist"; sourceTree = "<group>"; };
		EB3F006C2A2FA37700244574 /* AvaliacaoScreen.swift */ = {isa = PBXFileReference; lastKnownFileType = sourcecode.swift; path = AvaliacaoScreen.swift; sourceTree = "<group>"; };
		EB3F006E2A435D0E00244574 /* PorcentualViewModel.swift */ = {isa = PBXFileReference; lastKnownFileType = sourcecode.swift; path = PorcentualViewModel.swift; sourceTree = "<group>"; };
		EB4245F72A4C9834000B648B /* AvaliacaoCell.swift */ = {isa = PBXFileReference; lastKnownFileType = sourcecode.swift; path = AvaliacaoCell.swift; sourceTree = "<group>"; };
		EB4245FA2A4C98CC000B648B /* AvaliacaoCellScreen.swift */ = {isa = PBXFileReference; lastKnownFileType = sourcecode.swift; path = AvaliacaoCellScreen.swift; sourceTree = "<group>"; };
		EB4245FD2A5DEF88000B648B /* LevelActivityScreen.swift */ = {isa = PBXFileReference; lastKnownFileType = sourcecode.swift; path = LevelActivityScreen.swift; sourceTree = "<group>"; };
		EB4246002A5DF633000B648B /* LevelActivityCell.swift */ = {isa = PBXFileReference; lastKnownFileType = sourcecode.swift; path = LevelActivityCell.swift; sourceTree = "<group>"; };
		EB4246032A5DFF81000B648B /* LevelActivityModel.swift */ = {isa = PBXFileReference; lastKnownFileType = sourcecode.swift; path = LevelActivityModel.swift; sourceTree = "<group>"; };
		EB4246062A5E00B3000B648B /* LevelActivityViewModel.swift */ = {isa = PBXFileReference; lastKnownFileType = sourcecode.swift; path = LevelActivityViewModel.swift; sourceTree = "<group>"; };
		EB4246092A5F5A35000B648B /* Montserrat-SemiBold.ttf */ = {isa = PBXFileReference; lastKnownFileType = file; path = "Montserrat-SemiBold.ttf"; sourceTree = "<group>"; };
		EB42460A2A5F5A35000B648B /* Montserrat-Italic-VariableFont_wght.ttf */ = {isa = PBXFileReference; lastKnownFileType = file; path = "Montserrat-Italic-VariableFont_wght.ttf"; sourceTree = "<group>"; };
		EB42460B2A5F5A35000B648B /* Montserrat-Bold.ttf */ = {isa = PBXFileReference; lastKnownFileType = file; path = "Montserrat-Bold.ttf"; sourceTree = "<group>"; };
		EB42460C2A5F5A35000B648B /* Montserrat-Thin.ttf */ = {isa = PBXFileReference; lastKnownFileType = file; path = "Montserrat-Thin.ttf"; sourceTree = "<group>"; };
		EB42460D2A5F5A36000B648B /* Montserrat-ExtraLight.ttf */ = {isa = PBXFileReference; lastKnownFileType = file; path = "Montserrat-ExtraLight.ttf"; sourceTree = "<group>"; };
		EB42460E2A5F5A36000B648B /* Montserrat-Regular.ttf */ = {isa = PBXFileReference; lastKnownFileType = file; path = "Montserrat-Regular.ttf"; sourceTree = "<group>"; };
		EB42460F2A5F5A36000B648B /* Montserrat-ExtraLightItalic.ttf */ = {isa = PBXFileReference; lastKnownFileType = file; path = "Montserrat-ExtraLightItalic.ttf"; sourceTree = "<group>"; };
		EB4246102A5F5A36000B648B /* Montserrat-MediumItalic.ttf */ = {isa = PBXFileReference; lastKnownFileType = file; path = "Montserrat-MediumItalic.ttf"; sourceTree = "<group>"; };
		EB4246112A5F5A36000B648B /* Montserrat-BoldItalic.ttf */ = {isa = PBXFileReference; lastKnownFileType = file; path = "Montserrat-BoldItalic.ttf"; sourceTree = "<group>"; };
		EB4246122A5F5A36000B648B /* Montserrat-ExtraBold.ttf */ = {isa = PBXFileReference; lastKnownFileType = file; path = "Montserrat-ExtraBold.ttf"; sourceTree = "<group>"; };
		EB4246132A5F5A36000B648B /* Montserrat-Italic.ttf */ = {isa = PBXFileReference; lastKnownFileType = file; path = "Montserrat-Italic.ttf"; sourceTree = "<group>"; };
		EB4246142A5F5A36000B648B /* Montserrat-LightItalic.ttf */ = {isa = PBXFileReference; lastKnownFileType = file; path = "Montserrat-LightItalic.ttf"; sourceTree = "<group>"; };
		EB4246152A5F5A36000B648B /* Montserrat-ThinItalic.ttf */ = {isa = PBXFileReference; lastKnownFileType = file; path = "Montserrat-ThinItalic.ttf"; sourceTree = "<group>"; };
		EB4246162A5F5A36000B648B /* Montserrat-VariableFont_wght.ttf */ = {isa = PBXFileReference; lastKnownFileType = file; path = "Montserrat-VariableFont_wght.ttf"; sourceTree = "<group>"; };
		EB4246172A5F5A36000B648B /* Montserrat-BlackItalic.ttf */ = {isa = PBXFileReference; lastKnownFileType = file; path = "Montserrat-BlackItalic.ttf"; sourceTree = "<group>"; };
		EB4246182A5F5A36000B648B /* Montserrat-ExtraBoldItalic.ttf */ = {isa = PBXFileReference; lastKnownFileType = file; path = "Montserrat-ExtraBoldItalic.ttf"; sourceTree = "<group>"; };
		EB4246192A5F5A36000B648B /* Montserrat-Black.ttf */ = {isa = PBXFileReference; lastKnownFileType = file; path = "Montserrat-Black.ttf"; sourceTree = "<group>"; };
		EB42461A2A5F5A36000B648B /* Montserrat-Light.ttf */ = {isa = PBXFileReference; lastKnownFileType = file; path = "Montserrat-Light.ttf"; sourceTree = "<group>"; };
		EB42461B2A5F5A36000B648B /* Montserrat-SemiBoldItalic.ttf */ = {isa = PBXFileReference; lastKnownFileType = file; path = "Montserrat-SemiBoldItalic.ttf"; sourceTree = "<group>"; };
		EB42461C2A5F5A36000B648B /* Montserrat-Medium.ttf */ = {isa = PBXFileReference; lastKnownFileType = file; path = "Montserrat-Medium.ttf"; sourceTree = "<group>"; };
		EB46B9342A2AE656001CCA2A /* GraficoVC.swift */ = {isa = PBXFileReference; lastKnownFileType = sourcecode.swift; path = GraficoVC.swift; sourceTree = "<group>"; };
		EB46B9362A2AE665001CCA2A /* VolumeTreinoVC.swift */ = {isa = PBXFileReference; lastKnownFileType = sourcecode.swift; path = VolumeTreinoVC.swift; sourceTree = "<group>"; };
		EB46B9382A2AE678001CCA2A /* TreinoVC.swift */ = {isa = PBXFileReference; lastKnownFileType = sourcecode.swift; path = TreinoVC.swift; sourceTree = "<group>"; };
		EB46B93A2A2AE683001CCA2A /* AvaliacaoVC.swift */ = {isa = PBXFileReference; lastKnownFileType = sourcecode.swift; path = AvaliacaoVC.swift; sourceTree = "<group>"; };
		EB61272D2A2A7D4100EA8020 /* PerfilCell.swift */ = {isa = PBXFileReference; lastKnownFileType = sourcecode.swift; path = PerfilCell.swift; sourceTree = "<group>"; };
		EB6AF60B2A7023DC00ADB92A /* Roboto-LightItalic.ttf */ = {isa = PBXFileReference; lastKnownFileType = file; path = "Roboto-LightItalic.ttf"; sourceTree = "<group>"; };
		EB6AF60C2A7023DC00ADB92A /* Roboto-MediumItalic.ttf */ = {isa = PBXFileReference; lastKnownFileType = file; path = "Roboto-MediumItalic.ttf"; sourceTree = "<group>"; };
		EB6AF60D2A7023DC00ADB92A /* Roboto-BlackItalic.ttf */ = {isa = PBXFileReference; lastKnownFileType = file; path = "Roboto-BlackItalic.ttf"; sourceTree = "<group>"; };
		EB6AF60E2A7023DC00ADB92A /* Roboto-Medium.ttf */ = {isa = PBXFileReference; lastKnownFileType = file; path = "Roboto-Medium.ttf"; sourceTree = "<group>"; };
		EB6AF60F2A7023DC00ADB92A /* Roboto-Light.ttf */ = {isa = PBXFileReference; lastKnownFileType = file; path = "Roboto-Light.ttf"; sourceTree = "<group>"; };
		EB6AF6102A7023DC00ADB92A /* Roboto-Bold.ttf */ = {isa = PBXFileReference; lastKnownFileType = file; path = "Roboto-Bold.ttf"; sourceTree = "<group>"; };
		EB6AF6112A7023DC00ADB92A /* Roboto-Regular.ttf */ = {isa = PBXFileReference; lastKnownFileType = file; path = "Roboto-Regular.ttf"; sourceTree = "<group>"; };
		EB6AF6122A7023DC00ADB92A /* Roboto-ThinItalic.ttf */ = {isa = PBXFileReference; lastKnownFileType = file; path = "Roboto-ThinItalic.ttf"; sourceTree = "<group>"; };
		EB6AF6132A7023DC00ADB92A /* Roboto-Thin.ttf */ = {isa = PBXFileReference; lastKnownFileType = file; path = "Roboto-Thin.ttf"; sourceTree = "<group>"; };
		EB6AF6142A7023DC00ADB92A /* Roboto-BoldItalic.ttf */ = {isa = PBXFileReference; lastKnownFileType = file; path = "Roboto-BoldItalic.ttf"; sourceTree = "<group>"; };
		EB6AF6152A7023DC00ADB92A /* Roboto-Black.ttf */ = {isa = PBXFileReference; lastKnownFileType = file; path = "Roboto-Black.ttf"; sourceTree = "<group>"; };
		EB6AF6162A7023DC00ADB92A /* Roboto-Italic.ttf */ = {isa = PBXFileReference; lastKnownFileType = file; path = "Roboto-Italic.ttf"; sourceTree = "<group>"; };
		EB992DCA2A24204A0049FC8E /* TaxaMetabolicaBasalViewModel.swift */ = {isa = PBXFileReference; lastKnownFileType = sourcecode.swift; path = TaxaMetabolicaBasalViewModel.swift; sourceTree = "<group>"; };
		EB992DCC2A2503FA0049FC8E /* LoginViewModel.swift */ = {isa = PBXFileReference; lastKnownFileType = sourcecode.swift; path = LoginViewModel.swift; sourceTree = "<group>"; };
		EB992DCE2A2524E60049FC8E /* RegisterViewModel.swift */ = {isa = PBXFileReference; lastKnownFileType = sourcecode.swift; path = RegisterViewModel.swift; sourceTree = "<group>"; };
		EB992DD12A252C920049FC8E /* Alert.swift */ = {isa = PBXFileReference; lastKnownFileType = sourcecode.swift; path = Alert.swift; sourceTree = "<group>"; };
		EB992DD32A2539230049FC8E /* ForgotPasswordViewModel.swift */ = {isa = PBXFileReference; lastKnownFileType = sourcecode.swift; path = ForgotPasswordViewModel.swift; sourceTree = "<group>"; };
		EB992DD52A2660EA0049FC8E /* HomeViewModel.swift */ = {isa = PBXFileReference; lastKnownFileType = sourcecode.swift; path = HomeViewModel.swift; sourceTree = "<group>"; };
		EB992DD72A2662150049FC8E /* PerfilModel.swift */ = {isa = PBXFileReference; lastKnownFileType = sourcecode.swift; name = PerfilModel.swift; path = ../Home/PerfilModel.swift; sourceTree = "<group>"; };
		EB992DD92A2667F30049FC8E /* NewAlertCustonViewModel.swift */ = {isa = PBXFileReference; lastKnownFileType = sourcecode.swift; path = NewAlertCustonViewModel.swift; sourceTree = "<group>"; };
		EB992DDB2A293A070049FC8E /* PerfilViewModel.swift */ = {isa = PBXFileReference; lastKnownFileType = sourcecode.swift; path = PerfilViewModel.swift; sourceTree = "<group>"; };
		EBAF5D362A197DF500AA1692 /* HomeViewController.swift */ = {isa = PBXFileReference; lastKnownFileType = sourcecode.swift; path = HomeViewController.swift; sourceTree = "<group>"; };
		EBAF5D382A197E0900AA1692 /* HomeScreen.swift */ = {isa = PBXFileReference; lastKnownFileType = sourcecode.swift; path = HomeScreen.swift; sourceTree = "<group>"; };
		EBAF5D3A2A19816C00AA1692 /* HomeCell.swift */ = {isa = PBXFileReference; lastKnownFileType = sourcecode.swift; path = HomeCell.swift; sourceTree = "<group>"; };
		EBAF5D3D2A1B9B4100AA1692 /* NewAlertCustonScreen.swift */ = {isa = PBXFileReference; lastKnownFileType = sourcecode.swift; path = NewAlertCustonScreen.swift; sourceTree = "<group>"; };
		EBAF5D3F2A1B9B5C00AA1692 /* NewAlertCustonVC.swift */ = {isa = PBXFileReference; lastKnownFileType = sourcecode.swift; path = NewAlertCustonVC.swift; sourceTree = "<group>"; };
		EBAF5D422A1BB4B500AA1692 /* PerfilVC.swift */ = {isa = PBXFileReference; lastKnownFileType = sourcecode.swift; path = PerfilVC.swift; sourceTree = "<group>"; };
		EBAF5D442A1BB4C900AA1692 /* PeriflScreen.swift */ = {isa = PBXFileReference; lastKnownFileType = sourcecode.swift; path = PeriflScreen.swift; sourceTree = "<group>"; };
		EBBF558E2A780517005459B0 /* TreinoScreen.swift */ = {isa = PBXFileReference; lastKnownFileType = sourcecode.swift; path = TreinoScreen.swift; sourceTree = "<group>"; };
		EBCD378C2A217CE3007846EF /* DietaFlexivelScreen.swift */ = {isa = PBXFileReference; lastKnownFileType = sourcecode.swift; path = DietaFlexivelScreen.swift; sourceTree = "<group>"; };
		EBCD378E2A217D16007846EF /* DietaFlexivelVC.swift */ = {isa = PBXFileReference; lastKnownFileType = sourcecode.swift; path = DietaFlexivelVC.swift; sourceTree = "<group>"; };
/* End PBXFileReference section */

/* Begin PBXFrameworksBuildPhase section */
		EB2917892A1593D900183A92 /* Frameworks */ = {
			isa = PBXFrameworksBuildPhase;
			buildActionMask = 2147483647;
			files = (
				EB2917CA2A16941F00183A92 /* FirebaseDatabase in Frameworks */,
				EB2917D82A16941F00183A92 /* FirebaseFunctionsCombine-Community in Frameworks */,
				EB2917D02A16941F00183A92 /* FirebaseFirestore in Frameworks */,
				EB2917BC2A16941F00183A92 /* FirebaseAnalyticsSwift in Frameworks */,
				EB2917B82A16941F00183A92 /* FirebaseAnalytics in Frameworks */,
				EB2917BA2A16941F00183A92 /* FirebaseAnalyticsOnDeviceConversion in Frameworks */,
				EB2917E02A16941F00183A92 /* FirebaseMLModelDownloader in Frameworks */,
				EB2917D42A16941F00183A92 /* FirebaseFirestoreSwift in Frameworks */,
				EB2917C02A16941F00183A92 /* FirebaseAppCheck in Frameworks */,
				EB2917BE2A16941F00183A92 /* FirebaseAnalyticsWithoutAdIdSupport in Frameworks */,
				EB2917C42A16941F00183A92 /* FirebaseAuth in Frameworks */,
				EB2917C82A16941F00183A92 /* FirebaseCrashlytics in Frameworks */,
				EB2917E82A16941F00183A92 /* FirebaseRemoteConfigSwift in Frameworks */,
				EB2917EF2A16958400183A92 /* AlamofireImage in Frameworks */,
				EB2917DA2A16941F00183A92 /* FirebaseInAppMessaging-Beta in Frameworks */,
				EB2917CC2A16941F00183A92 /* FirebaseDatabaseSwift in Frameworks */,
				EB2917D62A16941F00183A92 /* FirebaseFunctions in Frameworks */,
				EB2917EC2A16941F00183A92 /* FirebaseStorageCombine-Community in Frameworks */,
				EB2917E62A16941F00183A92 /* FirebaseRemoteConfig in Frameworks */,
				EB2917C22A16941F00183A92 /* FirebaseAppDistribution-Beta in Frameworks */,
				EB2917C62A16941F00183A92 /* FirebaseAuthCombine-Community in Frameworks */,
				EB2917E42A16941F00183A92 /* FirebasePerformance in Frameworks */,
				EB2917DC2A16941F00183A92 /* FirebaseInAppMessagingSwift-Beta in Frameworks */,
				EB2917EA2A16941F00183A92 /* FirebaseStorage in Frameworks */,
				EB2917CE2A16941F00183A92 /* FirebaseDynamicLinks in Frameworks */,
				EB2917D22A16941F00183A92 /* FirebaseFirestoreCombine-Community in Frameworks */,
				EB2917E22A16941F00183A92 /* FirebaseMessaging in Frameworks */,
				EB2917DE2A16941F00183A92 /* FirebaseInstallations in Frameworks */,
			);
			runOnlyForDeploymentPostprocessing = 0;
		};
/* End PBXFrameworksBuildPhase section */

/* Begin PBXGroup section */
		EB1AE0252A1BC80F00B32E1F /* TaxaMetabolicaBasal */ = {
			isa = PBXGroup;
			children = (
				EB1AE0262A1BC83500B32E1F /* TaxaMetabolicaScreen.swift */,
				EB1AE0282A1BC84A00B32E1F /* TaxaMetabolicaVC.swift */,
				EB992DCA2A24204A0049FC8E /* TaxaMetabolicaBasalViewModel.swift */,
			);
			path = TaxaMetabolicaBasal;
			sourceTree = "<group>";
		};
		EB1AE02A2A1BDD0000B32E1F /* PorcentualGordura */ = {
			isa = PBXGroup;
			children = (
				EB1AE02B2A1BDD1800B32E1F /* PorcentualVC.swift */,
				EB1AE02D2A1BDD2F00B32E1F /* PorcentualScreen.swift */,
				EB3F006E2A435D0E00244574 /* PorcentualViewModel.swift */,
			);
			path = PorcentualGordura;
			sourceTree = "<group>";
		};
		EB1AE0362A1E70D400B32E1F /* TabBar */ = {
			isa = PBXGroup;
			children = (
				EB1AE0372A1E710700B32E1F /* TabBarViewController.swift */,
				EB1AE0392A1E734000B32E1F /* SettingsVC.swift */,
				EB1AE03B2A1E735300B32E1F /* HistoryVC.swift */,
			);
			path = TabBar;
			sourceTree = "<group>";
		};
		EB1AE03F2A1FDB2400B32E1F /* Generic Componentes */ = {
			isa = PBXGroup;
			children = (
				EB1AE0402A1FDB4A00B32E1F /* TextFieldCustom.swift */,
				EB1AE0422A1FE70800B32E1F /* ButtonCustom.swift */,
				EB1AE0442A1FEC5B00B32E1F /* TitleLabelCustom.swift */,
				EB1AE0462A1FEE5A00B32E1F /* TextLabelCustom.swift */,
			);
			path = "Generic Componentes";
			sourceTree = "<group>";
		};
		EB1AE04A2A2066B900B32E1F /* CicloCarboidratos */ = {
			isa = PBXGroup;
			children = (
				EB1AE04B2A2066EE00B32E1F /* CicloCarboidratosScreen.swift */,
				EB1AE04D2A20670600B32E1F /* CicloCarboidratosVC.swift */,
				EB1AE0532A2172BE00B32E1F /* Cell */,
			);
			path = CicloCarboidratos;
			sourceTree = "<group>";
		};
		EB1AE0532A2172BE00B32E1F /* Cell */ = {
			isa = PBXGroup;
			children = (
				EB1AE04F2A2082B400B32E1F /* CicloCarboidratosCell.swift */,
				EB1AE0512A20FCB100B32E1F /* CicloCarboidratosCellScreen.swift */,
			);
			path = Cell;
			sourceTree = "<group>";
		};
		EB2917832A1593D900183A92 = {
			isa = PBXGroup;
			children = (
				EB29178E2A1593D900183A92 /* CheckFitneesApp */,
				EB29178D2A1593D900183A92 /* Products */,
			);
			sourceTree = "<group>";
		};
		EB29178D2A1593D900183A92 /* Products */ = {
			isa = PBXGroup;
			children = (
				EB29178C2A1593D900183A92 /* CheckFitneesApp.app */,
			);
			name = Products;
			sourceTree = "<group>";
		};
		EB29178E2A1593D900183A92 /* CheckFitneesApp */ = {
			isa = PBXGroup;
			children = (
				EB4246082A5F59D4000B648B /* Fonts */,
				EB992DD02A252C790049FC8E /* Alert */,
				EB1AE03F2A1FDB2400B32E1F /* Generic Componentes */,
				EB2917A62A15962D00183A92 /* Extensions */,
				EB2917AE2A1658E400183A92 /* Features */,
				EB29178F2A1593D900183A92 /* AppDelegate.swift */,
				EB2917912A1593D900183A92 /* SceneDelegate.swift */,
				EB2917982A1593DB00183A92 /* Assets.xcassets */,
				EB29179A2A1593DB00183A92 /* LaunchScreen.storyboard */,
				EB29179D2A1593DB00183A92 /* Info.plist */,
				EB2917B42A16937600183A92 /* GoogleService-Info.plist */,
			);
			path = CheckFitneesApp;
			sourceTree = "<group>";
		};
		EB2917A32A15958E00183A92 /* Login */ = {
			isa = PBXGroup;
			children = (
				EB2917A42A1595A900183A92 /* LoginScrenn.swift */,
				EB2917932A1593D900183A92 /* LoginViewController.swift */,
				EB992DCC2A2503FA0049FC8E /* LoginViewModel.swift */,
			);
			path = Login;
			sourceTree = "<group>";
		};
		EB2917A62A15962D00183A92 /* Extensions */ = {
			isa = PBXGroup;
			children = (
				EB2917A72A15963D00183A92 /* Extension-ViewCode.swift */,
				EB1AE0342A1C5A8100B32E1F /* Extension-Cors.swift */,
			);
			path = Extensions;
			sourceTree = "<group>";
		};
		EB2917A92A1658AF00183A92 /* Register */ = {
			isa = PBXGroup;
			children = (
				EB2917AC2A1658D100183A92 /* RegisterViewController.swift */,
				EB2917AA2A1658C200183A92 /* RegisterScreen.swift */,
				EB992DCE2A2524E60049FC8E /* RegisterViewModel.swift */,
			);
			path = Register;
			sourceTree = "<group>";
		};
		EB2917AE2A1658E400183A92 /* Features */ = {
			isa = PBXGroup;
			children = (
				EB46B9332A2AE646001CCA2A /* Grafico */,
				EB46B9322A2AE63F001CCA2A /* VolumeTreino */,
				EB46B9312A2AE634001CCA2A /* Treino */,
				EB1AE04A2A2066B900B32E1F /* CicloCarboidratos */,
				EBCD378B2A217CBC007846EF /* DietaFlexivel */,
				EB1AE02A2A1BDD0000B32E1F /* PorcentualGordura */,
				EB1AE0252A1BC80F00B32E1F /* TaxaMetabolicaBasal */,
				EB46B9302A2AE5F3001CCA2A /* Avaliacao */,
				EBAF5D412A1BB49D00AA1692 /* Perfil */,
				EBAF5D3C2A1B9B0200AA1692 /* NewAlertCuston */,
				EBAF5D352A197DE100AA1692 /* Home */,
				EB1AE0362A1E70D400B32E1F /* TabBar */,
				EB2917AF2A16628800183A92 /* ForgotPassword */,
				EB2917A92A1658AF00183A92 /* Register */,
				EB2917A32A15958E00183A92 /* Login */,
			);
			path = Features;
			sourceTree = "<group>";
		};
		EB2917AF2A16628800183A92 /* ForgotPassword */ = {
			isa = PBXGroup;
			children = (
				EB2917B22A1662C300183A92 /* ForgotPaswordViewController.swift */,
				EB2917B02A1662AA00183A92 /* ForgotPasswordScreen.swift */,
				EB992DD32A2539230049FC8E /* ForgotPasswordViewModel.swift */,
			);
			path = ForgotPassword;
			sourceTree = "<group>";
		};
		EB4245F92A4C989C000B648B /* Cell */ = {
			isa = PBXGroup;
			children = (
				EB4245F72A4C9834000B648B /* AvaliacaoCell.swift */,
				EB4245FA2A4C98CC000B648B /* AvaliacaoCellScreen.swift */,
			);
			path = Cell;
			sourceTree = "<group>";
		};
		EB4245FC2A5DEF57000B648B /* LevelActivity */ = {
			isa = PBXGroup;
			children = (
				EB4246052A5E0092000B648B /* LevelActivityViewModel */,
				EB4246022A5DFF50000B648B /* Model */,
				EB4245FF2A5DF60A000B648B /* Cell */,
				EB4245FD2A5DEF88000B648B /* LevelActivityScreen.swift */,
			);
			path = LevelActivity;
			sourceTree = "<group>";
		};
		EB4245FF2A5DF60A000B648B /* Cell */ = {
			isa = PBXGroup;
			children = (
				EB4246002A5DF633000B648B /* LevelActivityCell.swift */,
			);
			path = Cell;
			sourceTree = "<group>";
		};
		EB4246022A5DFF50000B648B /* Model */ = {
			isa = PBXGroup;
			children = (
				EB4246032A5DFF81000B648B /* LevelActivityModel.swift */,
			);
			path = Model;
			sourceTree = "<group>";
		};
		EB4246052A5E0092000B648B /* LevelActivityViewModel */ = {
			isa = PBXGroup;
			children = (
				EB4246062A5E00B3000B648B /* LevelActivityViewModel.swift */,
			);
			path = LevelActivityViewModel;
			sourceTree = "<group>";
		};
		EB4246082A5F59D4000B648B /* Fonts */ = {
			isa = PBXGroup;
			children = (
				EB6AF5F22A701D9800ADB92A /* Roboto */,
				EB6AF5F12A701D6300ADB92A /* Montserrat */,
			);
			path = Fonts;
			sourceTree = "<group>";
		};
		EB46B92F2A2AE5E4001CCA2A /* Cell */ = {
			isa = PBXGroup;
			children = (
				EBAF5D3A2A19816C00AA1692 /* HomeCell.swift */,
			);
			path = Cell;
			sourceTree = "<group>";
		};
		EB46B9302A2AE5F3001CCA2A /* Avaliacao */ = {
			isa = PBXGroup;
			children = (
				EB46B93A2A2AE683001CCA2A /* AvaliacaoVC.swift */,
				EB3F006C2A2FA37700244574 /* AvaliacaoScreen.swift */,
				EB4245F92A4C989C000B648B /* Cell */,
			);
			path = Avaliacao;
			sourceTree = "<group>";
		};
		EB46B9312A2AE634001CCA2A /* Treino */ = {
			isa = PBXGroup;
			children = (
				EB46B9382A2AE678001CCA2A /* TreinoVC.swift */,
				EBBF558E2A780517005459B0 /* TreinoScreen.swift */,
			);
			path = Treino;
			sourceTree = "<group>";
		};
		EB46B9322A2AE63F001CCA2A /* VolumeTreino */ = {
			isa = PBXGroup;
			children = (
				EB46B9362A2AE665001CCA2A /* VolumeTreinoVC.swift */,
			);
			path = VolumeTreino;
			sourceTree = "<group>";
		};
		EB46B9332A2AE646001CCA2A /* Grafico */ = {
			isa = PBXGroup;
			children = (
				EB46B9342A2AE656001CCA2A /* GraficoVC.swift */,
			);
			path = Grafico;
			sourceTree = "<group>";
		};
		EB6127242A2A5A3700EA8020 /* Cell */ = {
			isa = PBXGroup;
			children = (
				EB61272D2A2A7D4100EA8020 /* PerfilCell.swift */,
			);
			path = Cell;
			sourceTree = "<group>";
		};
		EB6AF5F12A701D6300ADB92A /* Montserrat */ = {
			isa = PBXGroup;
			children = (
				EB4246192A5F5A36000B648B /* Montserrat-Black.ttf */,
				EB4246172A5F5A36000B648B /* Montserrat-BlackItalic.ttf */,
				EB4246122A5F5A36000B648B /* Montserrat-ExtraBold.ttf */,
				EB4246182A5F5A36000B648B /* Montserrat-ExtraBoldItalic.ttf */,
				EB42460D2A5F5A36000B648B /* Montserrat-ExtraLight.ttf */,
				EB42460F2A5F5A36000B648B /* Montserrat-ExtraLightItalic.ttf */,
				EB42460A2A5F5A35000B648B /* Montserrat-Italic-VariableFont_wght.ttf */,
				EB4246132A5F5A36000B648B /* Montserrat-Italic.ttf */,
				EB42461A2A5F5A36000B648B /* Montserrat-Light.ttf */,
				EB4246142A5F5A36000B648B /* Montserrat-LightItalic.ttf */,
				EB42461C2A5F5A36000B648B /* Montserrat-Medium.ttf */,
				EB4246102A5F5A36000B648B /* Montserrat-MediumItalic.ttf */,
				EB42460E2A5F5A36000B648B /* Montserrat-Regular.ttf */,
				EB4246092A5F5A35000B648B /* Montserrat-SemiBold.ttf */,
				EB42461B2A5F5A36000B648B /* Montserrat-SemiBoldItalic.ttf */,
				EB42460C2A5F5A35000B648B /* Montserrat-Thin.ttf */,
				EB4246152A5F5A36000B648B /* Montserrat-ThinItalic.ttf */,
				EB4246162A5F5A36000B648B /* Montserrat-VariableFont_wght.ttf */,
				EB42460B2A5F5A35000B648B /* Montserrat-Bold.ttf */,
				EB4246112A5F5A36000B648B /* Montserrat-BoldItalic.ttf */,
			);
			path = Montserrat;
			sourceTree = "<group>";
		};
		EB6AF5F22A701D9800ADB92A /* Roboto */ = {
			isa = PBXGroup;
			children = (
				EB6AF6152A7023DC00ADB92A /* Roboto-Black.ttf */,
				EB6AF60D2A7023DC00ADB92A /* Roboto-BlackItalic.ttf */,
				EB6AF6102A7023DC00ADB92A /* Roboto-Bold.ttf */,
				EB6AF6142A7023DC00ADB92A /* Roboto-BoldItalic.ttf */,
				EB6AF6162A7023DC00ADB92A /* Roboto-Italic.ttf */,
				EB6AF60F2A7023DC00ADB92A /* Roboto-Light.ttf */,
				EB6AF60B2A7023DC00ADB92A /* Roboto-LightItalic.ttf */,
				EB6AF60E2A7023DC00ADB92A /* Roboto-Medium.ttf */,
				EB6AF60C2A7023DC00ADB92A /* Roboto-MediumItalic.ttf */,
				EB6AF6112A7023DC00ADB92A /* Roboto-Regular.ttf */,
				EB6AF6132A7023DC00ADB92A /* Roboto-Thin.ttf */,
				EB6AF6122A7023DC00ADB92A /* Roboto-ThinItalic.ttf */,
			);
			path = Roboto;
			sourceTree = "<group>";
		};
		EB992DD02A252C790049FC8E /* Alert */ = {
			isa = PBXGroup;
			children = (
				EB992DD12A252C920049FC8E /* Alert.swift */,
			);
			path = Alert;
			sourceTree = "<group>";
		};
		EBAF5D352A197DE100AA1692 /* Home */ = {
			isa = PBXGroup;
			children = (
				EB46B92F2A2AE5E4001CCA2A /* Cell */,
				EBAF5D362A197DF500AA1692 /* HomeViewController.swift */,
				EBAF5D382A197E0900AA1692 /* HomeScreen.swift */,
				EB992DD52A2660EA0049FC8E /* HomeViewModel.swift */,
			);
			path = Home;
			sourceTree = "<group>";
		};
		EBAF5D3C2A1B9B0200AA1692 /* NewAlertCuston */ = {
			isa = PBXGroup;
			children = (
				EBAF5D3D2A1B9B4100AA1692 /* NewAlertCustonScreen.swift */,
				EBAF5D3F2A1B9B5C00AA1692 /* NewAlertCustonVC.swift */,
				EB992DD92A2667F30049FC8E /* NewAlertCustonViewModel.swift */,
			);
			path = NewAlertCuston;
			sourceTree = "<group>";
		};
		EBAF5D412A1BB49D00AA1692 /* Perfil */ = {
			isa = PBXGroup;
			children = (
				EB6127242A2A5A3700EA8020 /* Cell */,
				EBAF5D422A1BB4B500AA1692 /* PerfilVC.swift */,
				EBAF5D442A1BB4C900AA1692 /* PeriflScreen.swift */,
				EB992DDB2A293A070049FC8E /* PerfilViewModel.swift */,
				EB992DD72A2662150049FC8E /* PerfilModel.swift */,
			);
			path = Perfil;
			sourceTree = "<group>";
		};
		EBCD378B2A217CBC007846EF /* DietaFlexivel */ = {
			isa = PBXGroup;
			children = (
				EB4245FC2A5DEF57000B648B /* LevelActivity */,
				EBCD37902A228817007846EF /* Objective */,
			);
			path = DietaFlexivel;
			sourceTree = "<group>";
		};
		EBCD37902A228817007846EF /* Objective */ = {
			isa = PBXGroup;
			children = (
				EBCD378C2A217CE3007846EF /* DietaFlexivelScreen.swift */,
				EBCD378E2A217D16007846EF /* DietaFlexivelVC.swift */,
			);
			path = Objective;
			sourceTree = "<group>";
		};
/* End PBXGroup section */

/* Begin PBXNativeTarget section */
		EB29178B2A1593D900183A92 /* CheckFitneesApp */ = {
			isa = PBXNativeTarget;
			buildConfigurationList = EB2917A02A1593DB00183A92 /* Build configuration list for PBXNativeTarget "CheckFitneesApp" */;
			buildPhases = (
				EB2917882A1593D900183A92 /* Sources */,
				EB2917892A1593D900183A92 /* Frameworks */,
				EB29178A2A1593D900183A92 /* Resources */,
			);
			buildRules = (
			);
			dependencies = (
			);
			name = CheckFitneesApp;
			packageProductDependencies = (
				EB2917B72A16941F00183A92 /* FirebaseAnalytics */,
				EB2917B92A16941F00183A92 /* FirebaseAnalyticsOnDeviceConversion */,
				EB2917BB2A16941F00183A92 /* FirebaseAnalyticsSwift */,
				EB2917BD2A16941F00183A92 /* FirebaseAnalyticsWithoutAdIdSupport */,
				EB2917BF2A16941F00183A92 /* FirebaseAppCheck */,
				EB2917C12A16941F00183A92 /* FirebaseAppDistribution-Beta */,
				EB2917C32A16941F00183A92 /* FirebaseAuth */,
				EB2917C52A16941F00183A92 /* FirebaseAuthCombine-Community */,
				EB2917C72A16941F00183A92 /* FirebaseCrashlytics */,
				EB2917C92A16941F00183A92 /* FirebaseDatabase */,
				EB2917CB2A16941F00183A92 /* FirebaseDatabaseSwift */,
				EB2917CD2A16941F00183A92 /* FirebaseDynamicLinks */,
				EB2917CF2A16941F00183A92 /* FirebaseFirestore */,
				EB2917D12A16941F00183A92 /* FirebaseFirestoreCombine-Community */,
				EB2917D32A16941F00183A92 /* FirebaseFirestoreSwift */,
				EB2917D52A16941F00183A92 /* FirebaseFunctions */,
				EB2917D72A16941F00183A92 /* FirebaseFunctionsCombine-Community */,
				EB2917D92A16941F00183A92 /* FirebaseInAppMessaging-Beta */,
				EB2917DB2A16941F00183A92 /* FirebaseInAppMessagingSwift-Beta */,
				EB2917DD2A16941F00183A92 /* FirebaseInstallations */,
				EB2917DF2A16941F00183A92 /* FirebaseMLModelDownloader */,
				EB2917E12A16941F00183A92 /* FirebaseMessaging */,
				EB2917E32A16941F00183A92 /* FirebasePerformance */,
				EB2917E52A16941F00183A92 /* FirebaseRemoteConfig */,
				EB2917E72A16941F00183A92 /* FirebaseRemoteConfigSwift */,
				EB2917E92A16941F00183A92 /* FirebaseStorage */,
				EB2917EB2A16941F00183A92 /* FirebaseStorageCombine-Community */,
				EB2917EE2A16958400183A92 /* AlamofireImage */,
			);
			productName = CheckFitneesApp;
			productReference = EB29178C2A1593D900183A92 /* CheckFitneesApp.app */;
			productType = "com.apple.product-type.application";
		};
/* End PBXNativeTarget section */

/* Begin PBXProject section */
		EB2917842A1593D900183A92 /* Project object */ = {
			isa = PBXProject;
			attributes = {
				BuildIndependentTargetsInParallel = 1;
				LastSwiftUpdateCheck = 1430;
				LastUpgradeCheck = 1430;
				TargetAttributes = {
					EB29178B2A1593D900183A92 = {
						CreatedOnToolsVersion = 14.3;
					};
				};
			};
			buildConfigurationList = EB2917872A1593D900183A92 /* Build configuration list for PBXProject "CheckFitneesApp" */;
			compatibilityVersion = "Xcode 14.0";
			developmentRegion = en;
			hasScannedForEncodings = 0;
			knownRegions = (
				en,
				Base,
			);
			mainGroup = EB2917832A1593D900183A92;
			packageReferences = (
				EB2917B62A16941F00183A92 /* XCRemoteSwiftPackageReference "firebase-ios-sdk" */,
				EB2917ED2A16958400183A92 /* XCRemoteSwiftPackageReference "AlamofireImage" */,
			);
			productRefGroup = EB29178D2A1593D900183A92 /* Products */;
			projectDirPath = "";
			projectRoot = "";
			targets = (
				EB29178B2A1593D900183A92 /* CheckFitneesApp */,
			);
		};
/* End PBXProject section */

/* Begin PBXResourcesBuildPhase section */
		EB29178A2A1593D900183A92 /* Resources */ = {
			isa = PBXResourcesBuildPhase;
			buildActionMask = 2147483647;
			files = (
				EB6AF61F2A7023DC00ADB92A /* Roboto-Thin.ttf in Resources */,
				EB42462E2A5F5A37000B648B /* Montserrat-Light.ttf in Resources */,
				EB6AF61E2A7023DC00ADB92A /* Roboto-ThinItalic.ttf in Resources */,
				EB4246252A5F5A36000B648B /* Montserrat-BoldItalic.ttf in Resources */,
				EB6AF6172A7023DC00ADB92A /* Roboto-LightItalic.ttf in Resources */,
				EB6AF6212A7023DC00ADB92A /* Roboto-Black.ttf in Resources */,
				EB42462D2A5F5A37000B648B /* Montserrat-Black.ttf in Resources */,
				EB42462C2A5F5A36000B648B /* Montserrat-ExtraBoldItalic.ttf in Resources */,
				EB4246242A5F5A36000B648B /* Montserrat-MediumItalic.ttf in Resources */,
				EB4246222A5F5A36000B648B /* Montserrat-Regular.ttf in Resources */,
				EB42461E2A5F5A36000B648B /* Montserrat-Italic-VariableFont_wght.ttf in Resources */,
				EB42462A2A5F5A36000B648B /* Montserrat-VariableFont_wght.ttf in Resources */,
				EB29179C2A1593DB00183A92 /* LaunchScreen.storyboard in Resources */,
				EB6AF6202A7023DC00ADB92A /* Roboto-BoldItalic.ttf in Resources */,
				EB42461F2A5F5A36000B648B /* Montserrat-Bold.ttf in Resources */,
				EB2917992A1593DB00183A92 /* Assets.xcassets in Resources */,
				EB6AF61D2A7023DC00ADB92A /* Roboto-Regular.ttf in Resources */,
				EB42461D2A5F5A36000B648B /* Montserrat-SemiBold.ttf in Resources */,
				EB42462F2A5F5A37000B648B /* Montserrat-SemiBoldItalic.ttf in Resources */,
				EB42462B2A5F5A36000B648B /* Montserrat-BlackItalic.ttf in Resources */,
				EB4246282A5F5A36000B648B /* Montserrat-LightItalic.ttf in Resources */,
				EB6AF6182A7023DC00ADB92A /* Roboto-MediumItalic.ttf in Resources */,
				EB4246262A5F5A36000B648B /* Montserrat-ExtraBold.ttf in Resources */,
				EB6AF61B2A7023DC00ADB92A /* Roboto-Light.ttf in Resources */,
				EB4246292A5F5A36000B648B /* Montserrat-ThinItalic.ttf in Resources */,
				EB6AF6192A7023DC00ADB92A /* Roboto-BlackItalic.ttf in Resources */,
				EB4246212A5F5A36000B648B /* Montserrat-ExtraLight.ttf in Resources */,
				EB6AF61C2A7023DC00ADB92A /* Roboto-Bold.ttf in Resources */,
				EB4246232A5F5A36000B648B /* Montserrat-ExtraLightItalic.ttf in Resources */,
				EB2917B52A16937600183A92 /* GoogleService-Info.plist in Resources */,
				EB4246202A5F5A36000B648B /* Montserrat-Thin.ttf in Resources */,
				EB4246302A5F5A37000B648B /* Montserrat-Medium.ttf in Resources */,
				EB6AF6222A7023DC00ADB92A /* Roboto-Italic.ttf in Resources */,
				EB4246272A5F5A36000B648B /* Montserrat-Italic.ttf in Resources */,
				EB6AF61A2A7023DC00ADB92A /* Roboto-Medium.ttf in Resources */,
			);
			runOnlyForDeploymentPostprocessing = 0;
		};
/* End PBXResourcesBuildPhase section */

/* Begin PBXSourcesBuildPhase section */
		EB2917882A1593D900183A92 /* Sources */ = {
			isa = PBXSourcesBuildPhase;
			buildActionMask = 2147483647;
			files = (
				EB992DCB2A24204B0049FC8E /* TaxaMetabolicaBasalViewModel.swift in Sources */,
				EB1AE0412A1FDB4A00B32E1F /* TextFieldCustom.swift in Sources */,
				EB2917B32A1662C300183A92 /* ForgotPaswordViewController.swift in Sources */,
				EB46B9392A2AE678001CCA2A /* TreinoVC.swift in Sources */,
				EB992DD62A2660EA0049FC8E /* HomeViewModel.swift in Sources */,
				EBAF5D452A1BB4C900AA1692 /* PeriflScreen.swift in Sources */,
				EB992DCF2A2524E60049FC8E /* RegisterViewModel.swift in Sources */,
				EBCD378F2A217D16007846EF /* DietaFlexivelVC.swift in Sources */,
				EB992DD42A2539230049FC8E /* ForgotPasswordViewModel.swift in Sources */,
				EBAF5D372A197DF500AA1692 /* HomeViewController.swift in Sources */,
				EB1AE02C2A1BDD1800B32E1F /* PorcentualVC.swift in Sources */,
				EB2917AB2A1658C200183A92 /* RegisterScreen.swift in Sources */,
				EB992DCD2A2503FA0049FC8E /* LoginViewModel.swift in Sources */,
				EB1AE03A2A1E734000B32E1F /* SettingsVC.swift in Sources */,
				EBCD378D2A217CE3007846EF /* DietaFlexivelScreen.swift in Sources */,
				EB1AE02E2A1BDD2F00B32E1F /* PorcentualScreen.swift in Sources */,
				EB4246072A5E00B3000B648B /* LevelActivityViewModel.swift in Sources */,
				EB1AE0272A1BC83500B32E1F /* TaxaMetabolicaScreen.swift in Sources */,
				EB1AE0522A20FCB100B32E1F /* CicloCarboidratosCellScreen.swift in Sources */,
				EB1AE04C2A2066EE00B32E1F /* CicloCarboidratosScreen.swift in Sources */,
				EB2917B12A1662AA00183A92 /* ForgotPasswordScreen.swift in Sources */,
				EB1AE0432A1FE70900B32E1F /* ButtonCustom.swift in Sources */,
				EBAF5D392A197E0900AA1692 /* HomeScreen.swift in Sources */,
				EB1AE03C2A1E735300B32E1F /* HistoryVC.swift in Sources */,
				EB2917942A1593D900183A92 /* LoginViewController.swift in Sources */,
				EB2917A82A15963D00183A92 /* Extension-ViewCode.swift in Sources */,
				EB1AE0352A1C5A8100B32E1F /* Extension-Cors.swift in Sources */,
				EB1AE0292A1BC84A00B32E1F /* TaxaMetabolicaVC.swift in Sources */,
				EB992DD22A252C920049FC8E /* Alert.swift in Sources */,
				EB2917902A1593D900183A92 /* AppDelegate.swift in Sources */,
				EB2917AD2A1658D100183A92 /* RegisterViewController.swift in Sources */,
				EB992DDC2A293A080049FC8E /* PerfilViewModel.swift in Sources */,
				EBBF558F2A780517005459B0 /* TreinoScreen.swift in Sources */,
				EB1AE0452A1FEC5B00B32E1F /* TitleLabelCustom.swift in Sources */,
				EB46B93B2A2AE683001CCA2A /* AvaliacaoVC.swift in Sources */,
				EB4245FB2A4C98CC000B648B /* AvaliacaoCellScreen.swift in Sources */,
				EBAF5D3E2A1B9B4100AA1692 /* NewAlertCustonScreen.swift in Sources */,
				EB4246012A5DF633000B648B /* LevelActivityCell.swift in Sources */,
				EB2917A52A1595A900183A92 /* LoginScrenn.swift in Sources */,
				EBAF5D3B2A19816C00AA1692 /* HomeCell.swift in Sources */,
				EBAF5D432A1BB4B500AA1692 /* PerfilVC.swift in Sources */,
				EB46B9352A2AE656001CCA2A /* GraficoVC.swift in Sources */,
				EB3F006D2A2FA37700244574 /* AvaliacaoScreen.swift in Sources */,
				EB3F006F2A435D0F00244574 /* PorcentualViewModel.swift in Sources */,
				EB1AE0472A1FEE5A00B32E1F /* TextLabelCustom.swift in Sources */,
				EB1AE04E2A20670600B32E1F /* CicloCarboidratosVC.swift in Sources */,
				EB61272E2A2A7D4100EA8020 /* PerfilCell.swift in Sources */,
				EBAF5D402A1B9B5C00AA1692 /* NewAlertCustonVC.swift in Sources */,
				EB1AE0502A2082B400B32E1F /* CicloCarboidratosCell.swift in Sources */,
				EB992DDA2A2667F30049FC8E /* NewAlertCustonViewModel.swift in Sources */,
				EB46B9372A2AE665001CCA2A /* VolumeTreinoVC.swift in Sources */,
				EB4245FE2A5DEF88000B648B /* LevelActivityScreen.swift in Sources */,
				EB1AE0382A1E710700B32E1F /* TabBarViewController.swift in Sources */,
				EB992DD82A2662150049FC8E /* PerfilModel.swift in Sources */,
				EB2917922A1593D900183A92 /* SceneDelegate.swift in Sources */,
				EB4246042A5DFF81000B648B /* LevelActivityModel.swift in Sources */,
				EB4245F82A4C9834000B648B /* AvaliacaoCell.swift in Sources */,
			);
			runOnlyForDeploymentPostprocessing = 0;
		};
/* End PBXSourcesBuildPhase section */

/* Begin PBXVariantGroup section */
		EB29179A2A1593DB00183A92 /* LaunchScreen.storyboard */ = {
			isa = PBXVariantGroup;
			children = (
				EB29179B2A1593DB00183A92 /* Base */,
			);
			name = LaunchScreen.storyboard;
			sourceTree = "<group>";
		};
/* End PBXVariantGroup section */

/* Begin XCBuildConfiguration section */
		EB29179E2A1593DB00183A92 /* Debug */ = {
			isa = XCBuildConfiguration;
			buildSettings = {
				ALWAYS_SEARCH_USER_PATHS = NO;
				CLANG_ANALYZER_NONNULL = YES;
				CLANG_ANALYZER_NUMBER_OBJECT_CONVERSION = YES_AGGRESSIVE;
				CLANG_CXX_LANGUAGE_STANDARD = "gnu++20";
				CLANG_ENABLE_MODULES = YES;
				CLANG_ENABLE_OBJC_ARC = YES;
				CLANG_ENABLE_OBJC_WEAK = YES;
				CLANG_WARN_BLOCK_CAPTURE_AUTORELEASING = YES;
				CLANG_WARN_BOOL_CONVERSION = YES;
				CLANG_WARN_COMMA = YES;
				CLANG_WARN_CONSTANT_CONVERSION = YES;
				CLANG_WARN_DEPRECATED_OBJC_IMPLEMENTATIONS = YES;
				CLANG_WARN_DIRECT_OBJC_ISA_USAGE = YES_ERROR;
				CLANG_WARN_DOCUMENTATION_COMMENTS = YES;
				CLANG_WARN_EMPTY_BODY = YES;
				CLANG_WARN_ENUM_CONVERSION = YES;
				CLANG_WARN_INFINITE_RECURSION = YES;
				CLANG_WARN_INT_CONVERSION = YES;
				CLANG_WARN_NON_LITERAL_NULL_CONVERSION = YES;
				CLANG_WARN_OBJC_IMPLICIT_RETAIN_SELF = YES;
				CLANG_WARN_OBJC_LITERAL_CONVERSION = YES;
				CLANG_WARN_OBJC_ROOT_CLASS = YES_ERROR;
				CLANG_WARN_QUOTED_INCLUDE_IN_FRAMEWORK_HEADER = YES;
				CLANG_WARN_RANGE_LOOP_ANALYSIS = YES;
				CLANG_WARN_STRICT_PROTOTYPES = YES;
				CLANG_WARN_SUSPICIOUS_MOVE = YES;
				CLANG_WARN_UNGUARDED_AVAILABILITY = YES_AGGRESSIVE;
				CLANG_WARN_UNREACHABLE_CODE = YES;
				CLANG_WARN__DUPLICATE_METHOD_MATCH = YES;
				COPY_PHASE_STRIP = NO;
				DEBUG_INFORMATION_FORMAT = dwarf;
				ENABLE_STRICT_OBJC_MSGSEND = YES;
				ENABLE_TESTABILITY = YES;
				GCC_C_LANGUAGE_STANDARD = gnu11;
				GCC_DYNAMIC_NO_PIC = NO;
				GCC_NO_COMMON_BLOCKS = YES;
				GCC_OPTIMIZATION_LEVEL = 0;
				GCC_PREPROCESSOR_DEFINITIONS = (
					"DEBUG=1",
					"$(inherited)",
				);
				GCC_WARN_64_TO_32_BIT_CONVERSION = YES;
				GCC_WARN_ABOUT_RETURN_TYPE = YES_ERROR;
				GCC_WARN_UNDECLARED_SELECTOR = YES;
				GCC_WARN_UNINITIALIZED_AUTOS = YES_AGGRESSIVE;
				GCC_WARN_UNUSED_FUNCTION = YES;
				GCC_WARN_UNUSED_VARIABLE = YES;
				IPHONEOS_DEPLOYMENT_TARGET = 16.4;
				MTL_ENABLE_DEBUG_INFO = INCLUDE_SOURCE;
				MTL_FAST_MATH = YES;
				ONLY_ACTIVE_ARCH = YES;
				SDKROOT = iphoneos;
				SWIFT_ACTIVE_COMPILATION_CONDITIONS = DEBUG;
				SWIFT_OPTIMIZATION_LEVEL = "-Onone";
			};
			name = Debug;
		};
		EB29179F2A1593DB00183A92 /* Release */ = {
			isa = XCBuildConfiguration;
			buildSettings = {
				ALWAYS_SEARCH_USER_PATHS = NO;
				CLANG_ANALYZER_NONNULL = YES;
				CLANG_ANALYZER_NUMBER_OBJECT_CONVERSION = YES_AGGRESSIVE;
				CLANG_CXX_LANGUAGE_STANDARD = "gnu++20";
				CLANG_ENABLE_MODULES = YES;
				CLANG_ENABLE_OBJC_ARC = YES;
				CLANG_ENABLE_OBJC_WEAK = YES;
				CLANG_WARN_BLOCK_CAPTURE_AUTORELEASING = YES;
				CLANG_WARN_BOOL_CONVERSION = YES;
				CLANG_WARN_COMMA = YES;
				CLANG_WARN_CONSTANT_CONVERSION = YES;
				CLANG_WARN_DEPRECATED_OBJC_IMPLEMENTATIONS = YES;
				CLANG_WARN_DIRECT_OBJC_ISA_USAGE = YES_ERROR;
				CLANG_WARN_DOCUMENTATION_COMMENTS = YES;
				CLANG_WARN_EMPTY_BODY = YES;
				CLANG_WARN_ENUM_CONVERSION = YES;
				CLANG_WARN_INFINITE_RECURSION = YES;
				CLANG_WARN_INT_CONVERSION = YES;
				CLANG_WARN_NON_LITERAL_NULL_CONVERSION = YES;
				CLANG_WARN_OBJC_IMPLICIT_RETAIN_SELF = YES;
				CLANG_WARN_OBJC_LITERAL_CONVERSION = YES;
				CLANG_WARN_OBJC_ROOT_CLASS = YES_ERROR;
				CLANG_WARN_QUOTED_INCLUDE_IN_FRAMEWORK_HEADER = YES;
				CLANG_WARN_RANGE_LOOP_ANALYSIS = YES;
				CLANG_WARN_STRICT_PROTOTYPES = YES;
				CLANG_WARN_SUSPICIOUS_MOVE = YES;
				CLANG_WARN_UNGUARDED_AVAILABILITY = YES_AGGRESSIVE;
				CLANG_WARN_UNREACHABLE_CODE = YES;
				CLANG_WARN__DUPLICATE_METHOD_MATCH = YES;
				COPY_PHASE_STRIP = NO;
				DEBUG_INFORMATION_FORMAT = "dwarf-with-dsym";
				ENABLE_NS_ASSERTIONS = NO;
				ENABLE_STRICT_OBJC_MSGSEND = YES;
				GCC_C_LANGUAGE_STANDARD = gnu11;
				GCC_NO_COMMON_BLOCKS = YES;
				GCC_WARN_64_TO_32_BIT_CONVERSION = YES;
				GCC_WARN_ABOUT_RETURN_TYPE = YES_ERROR;
				GCC_WARN_UNDECLARED_SELECTOR = YES;
				GCC_WARN_UNINITIALIZED_AUTOS = YES_AGGRESSIVE;
				GCC_WARN_UNUSED_FUNCTION = YES;
				GCC_WARN_UNUSED_VARIABLE = YES;
				IPHONEOS_DEPLOYMENT_TARGET = 16.4;
				MTL_ENABLE_DEBUG_INFO = NO;
				MTL_FAST_MATH = YES;
				SDKROOT = iphoneos;
				SWIFT_COMPILATION_MODE = wholemodule;
				SWIFT_OPTIMIZATION_LEVEL = "-O";
				VALIDATE_PRODUCT = YES;
			};
			name = Release;
		};
		EB2917A12A1593DB00183A92 /* Debug */ = {
			isa = XCBuildConfiguration;
			buildSettings = {
				ASSETCATALOG_COMPILER_APPICON_NAME = AppIcon;
				ASSETCATALOG_COMPILER_GLOBAL_ACCENT_COLOR_NAME = AccentColor;
				CODE_SIGN_STYLE = Automatic;
				CURRENT_PROJECT_VERSION = 1;
				DEVELOPMENT_TEAM = ZA8R8PH29T;
				GENERATE_INFOPLIST_FILE = YES;
				INFOPLIST_FILE = CheckFitneesApp/Info.plist;
				INFOPLIST_KEY_CFBundleDisplayName = CheckFitness;
				INFOPLIST_KEY_UIApplicationSupportsIndirectInputEvents = YES;
				INFOPLIST_KEY_UILaunchStoryboardName = LaunchScreen;
				INFOPLIST_KEY_UIMainStoryboardFile = "";
				INFOPLIST_KEY_UISupportedInterfaceOrientations_iPad = "UIInterfaceOrientationPortrait UIInterfaceOrientationPortraitUpsideDown UIInterfaceOrientationLandscapeLeft UIInterfaceOrientationLandscapeRight";
				INFOPLIST_KEY_UISupportedInterfaceOrientations_iPhone = "UIInterfaceOrientationPortrait UIInterfaceOrientationLandscapeLeft UIInterfaceOrientationLandscapeRight";
				IPHONEOS_DEPLOYMENT_TARGET = 16.0;
				LD_RUNPATH_SEARCH_PATHS = (
					"$(inherited)",
					"@executable_path/Frameworks",
				);
				MARKETING_VERSION = 1.0;
				PRODUCT_BUNDLE_IDENTIFIER = franklinStilhanoSolano.CheckFitneesApp;
				PRODUCT_NAME = "$(TARGET_NAME)";
				SWIFT_EMIT_LOC_STRINGS = YES;
				SWIFT_VERSION = 5.0;
				TARGETED_DEVICE_FAMILY = "1,2";
			};
			name = Debug;
		};
		EB2917A22A1593DB00183A92 /* Release */ = {
			isa = XCBuildConfiguration;
			buildSettings = {
				ASSETCATALOG_COMPILER_APPICON_NAME = AppIcon;
				ASSETCATALOG_COMPILER_GLOBAL_ACCENT_COLOR_NAME = AccentColor;
				CODE_SIGN_STYLE = Automatic;
				CURRENT_PROJECT_VERSION = 1;
				DEVELOPMENT_TEAM = ZA8R8PH29T;
				GENERATE_INFOPLIST_FILE = YES;
				INFOPLIST_FILE = CheckFitneesApp/Info.plist;
				INFOPLIST_KEY_CFBundleDisplayName = CheckFitness;
				INFOPLIST_KEY_UIApplicationSupportsIndirectInputEvents = YES;
				INFOPLIST_KEY_UILaunchStoryboardName = LaunchScreen;
				INFOPLIST_KEY_UIMainStoryboardFile = "";
				INFOPLIST_KEY_UISupportedInterfaceOrientations_iPad = "UIInterfaceOrientationPortrait UIInterfaceOrientationPortraitUpsideDown UIInterfaceOrientationLandscapeLeft UIInterfaceOrientationLandscapeRight";
				INFOPLIST_KEY_UISupportedInterfaceOrientations_iPhone = "UIInterfaceOrientationPortrait UIInterfaceOrientationLandscapeLeft UIInterfaceOrientationLandscapeRight";
				IPHONEOS_DEPLOYMENT_TARGET = 16.0;
				LD_RUNPATH_SEARCH_PATHS = (
					"$(inherited)",
					"@executable_path/Frameworks",
				);
				MARKETING_VERSION = 1.0;
				PRODUCT_BUNDLE_IDENTIFIER = franklinStilhanoSolano.CheckFitneesApp;
				PRODUCT_NAME = "$(TARGET_NAME)";
				SWIFT_EMIT_LOC_STRINGS = YES;
				SWIFT_VERSION = 5.0;
				TARGETED_DEVICE_FAMILY = "1,2";
			};
			name = Release;
		};
/* End XCBuildConfiguration section */

/* Begin XCConfigurationList section */
		EB2917872A1593D900183A92 /* Build configuration list for PBXProject "CheckFitneesApp" */ = {
			isa = XCConfigurationList;
			buildConfigurations = (
				EB29179E2A1593DB00183A92 /* Debug */,
				EB29179F2A1593DB00183A92 /* Release */,
			);
			defaultConfigurationIsVisible = 0;
			defaultConfigurationName = Release;
		};
		EB2917A02A1593DB00183A92 /* Build configuration list for PBXNativeTarget "CheckFitneesApp" */ = {
			isa = XCConfigurationList;
			buildConfigurations = (
				EB2917A12A1593DB00183A92 /* Debug */,
				EB2917A22A1593DB00183A92 /* Release */,
			);
			defaultConfigurationIsVisible = 0;
			defaultConfigurationName = Release;
		};
/* End XCConfigurationList section */

/* Begin XCRemoteSwiftPackageReference section */
		EB2917B62A16941F00183A92 /* XCRemoteSwiftPackageReference "firebase-ios-sdk" */ = {
			isa = XCRemoteSwiftPackageReference;
			repositoryURL = "https://github.com/firebase/firebase-ios-sdk";
			requirement = {
				kind = upToNextMajorVersion;
				minimumVersion = 10.0.0;
			};
		};
		EB2917ED2A16958400183A92 /* XCRemoteSwiftPackageReference "AlamofireImage" */ = {
			isa = XCRemoteSwiftPackageReference;
			repositoryURL = "https://github.com/Alamofire/AlamofireImage.git";
			requirement = {
				kind = upToNextMajorVersion;
				minimumVersion = 4.0.0;
			};
		};
/* End XCRemoteSwiftPackageReference section */

/* Begin XCSwiftPackageProductDependency section */
		EB2917B72A16941F00183A92 /* FirebaseAnalytics */ = {
			isa = XCSwiftPackageProductDependency;
			package = EB2917B62A16941F00183A92 /* XCRemoteSwiftPackageReference "firebase-ios-sdk" */;
			productName = FirebaseAnalytics;
		};
		EB2917B92A16941F00183A92 /* FirebaseAnalyticsOnDeviceConversion */ = {
			isa = XCSwiftPackageProductDependency;
			package = EB2917B62A16941F00183A92 /* XCRemoteSwiftPackageReference "firebase-ios-sdk" */;
			productName = FirebaseAnalyticsOnDeviceConversion;
		};
		EB2917BB2A16941F00183A92 /* FirebaseAnalyticsSwift */ = {
			isa = XCSwiftPackageProductDependency;
			package = EB2917B62A16941F00183A92 /* XCRemoteSwiftPackageReference "firebase-ios-sdk" */;
			productName = FirebaseAnalyticsSwift;
		};
		EB2917BD2A16941F00183A92 /* FirebaseAnalyticsWithoutAdIdSupport */ = {
			isa = XCSwiftPackageProductDependency;
			package = EB2917B62A16941F00183A92 /* XCRemoteSwiftPackageReference "firebase-ios-sdk" */;
			productName = FirebaseAnalyticsWithoutAdIdSupport;
		};
		EB2917BF2A16941F00183A92 /* FirebaseAppCheck */ = {
			isa = XCSwiftPackageProductDependency;
			package = EB2917B62A16941F00183A92 /* XCRemoteSwiftPackageReference "firebase-ios-sdk" */;
			productName = FirebaseAppCheck;
		};
		EB2917C12A16941F00183A92 /* FirebaseAppDistribution-Beta */ = {
			isa = XCSwiftPackageProductDependency;
			package = EB2917B62A16941F00183A92 /* XCRemoteSwiftPackageReference "firebase-ios-sdk" */;
			productName = "FirebaseAppDistribution-Beta";
		};
		EB2917C32A16941F00183A92 /* FirebaseAuth */ = {
			isa = XCSwiftPackageProductDependency;
			package = EB2917B62A16941F00183A92 /* XCRemoteSwiftPackageReference "firebase-ios-sdk" */;
			productName = FirebaseAuth;
		};
		EB2917C52A16941F00183A92 /* FirebaseAuthCombine-Community */ = {
			isa = XCSwiftPackageProductDependency;
			package = EB2917B62A16941F00183A92 /* XCRemoteSwiftPackageReference "firebase-ios-sdk" */;
			productName = "FirebaseAuthCombine-Community";
		};
		EB2917C72A16941F00183A92 /* FirebaseCrashlytics */ = {
			isa = XCSwiftPackageProductDependency;
			package = EB2917B62A16941F00183A92 /* XCRemoteSwiftPackageReference "firebase-ios-sdk" */;
			productName = FirebaseCrashlytics;
		};
		EB2917C92A16941F00183A92 /* FirebaseDatabase */ = {
			isa = XCSwiftPackageProductDependency;
			package = EB2917B62A16941F00183A92 /* XCRemoteSwiftPackageReference "firebase-ios-sdk" */;
			productName = FirebaseDatabase;
		};
		EB2917CB2A16941F00183A92 /* FirebaseDatabaseSwift */ = {
			isa = XCSwiftPackageProductDependency;
			package = EB2917B62A16941F00183A92 /* XCRemoteSwiftPackageReference "firebase-ios-sdk" */;
			productName = FirebaseDatabaseSwift;
		};
		EB2917CD2A16941F00183A92 /* FirebaseDynamicLinks */ = {
			isa = XCSwiftPackageProductDependency;
			package = EB2917B62A16941F00183A92 /* XCRemoteSwiftPackageReference "firebase-ios-sdk" */;
			productName = FirebaseDynamicLinks;
		};
		EB2917CF2A16941F00183A92 /* FirebaseFirestore */ = {
			isa = XCSwiftPackageProductDependency;
			package = EB2917B62A16941F00183A92 /* XCRemoteSwiftPackageReference "firebase-ios-sdk" */;
			productName = FirebaseFirestore;
		};
		EB2917D12A16941F00183A92 /* FirebaseFirestoreCombine-Community */ = {
			isa = XCSwiftPackageProductDependency;
			package = EB2917B62A16941F00183A92 /* XCRemoteSwiftPackageReference "firebase-ios-sdk" */;
			productName = "FirebaseFirestoreCombine-Community";
		};
		EB2917D32A16941F00183A92 /* FirebaseFirestoreSwift */ = {
			isa = XCSwiftPackageProductDependency;
			package = EB2917B62A16941F00183A92 /* XCRemoteSwiftPackageReference "firebase-ios-sdk" */;
			productName = FirebaseFirestoreSwift;
		};
		EB2917D52A16941F00183A92 /* FirebaseFunctions */ = {
			isa = XCSwiftPackageProductDependency;
			package = EB2917B62A16941F00183A92 /* XCRemoteSwiftPackageReference "firebase-ios-sdk" */;
			productName = FirebaseFunctions;
		};
		EB2917D72A16941F00183A92 /* FirebaseFunctionsCombine-Community */ = {
			isa = XCSwiftPackageProductDependency;
			package = EB2917B62A16941F00183A92 /* XCRemoteSwiftPackageReference "firebase-ios-sdk" */;
			productName = "FirebaseFunctionsCombine-Community";
		};
		EB2917D92A16941F00183A92 /* FirebaseInAppMessaging-Beta */ = {
			isa = XCSwiftPackageProductDependency;
			package = EB2917B62A16941F00183A92 /* XCRemoteSwiftPackageReference "firebase-ios-sdk" */;
			productName = "FirebaseInAppMessaging-Beta";
		};
		EB2917DB2A16941F00183A92 /* FirebaseInAppMessagingSwift-Beta */ = {
			isa = XCSwiftPackageProductDependency;
			package = EB2917B62A16941F00183A92 /* XCRemoteSwiftPackageReference "firebase-ios-sdk" */;
			productName = "FirebaseInAppMessagingSwift-Beta";
		};
		EB2917DD2A16941F00183A92 /* FirebaseInstallations */ = {
			isa = XCSwiftPackageProductDependency;
			package = EB2917B62A16941F00183A92 /* XCRemoteSwiftPackageReference "firebase-ios-sdk" */;
			productName = FirebaseInstallations;
		};
		EB2917DF2A16941F00183A92 /* FirebaseMLModelDownloader */ = {
			isa = XCSwiftPackageProductDependency;
			package = EB2917B62A16941F00183A92 /* XCRemoteSwiftPackageReference "firebase-ios-sdk" */;
			productName = FirebaseMLModelDownloader;
		};
		EB2917E12A16941F00183A92 /* FirebaseMessaging */ = {
			isa = XCSwiftPackageProductDependency;
			package = EB2917B62A16941F00183A92 /* XCRemoteSwiftPackageReference "firebase-ios-sdk" */;
			productName = FirebaseMessaging;
		};
		EB2917E32A16941F00183A92 /* FirebasePerformance */ = {
			isa = XCSwiftPackageProductDependency;
			package = EB2917B62A16941F00183A92 /* XCRemoteSwiftPackageReference "firebase-ios-sdk" */;
			productName = FirebasePerformance;
		};
		EB2917E52A16941F00183A92 /* FirebaseRemoteConfig */ = {
			isa = XCSwiftPackageProductDependency;
			package = EB2917B62A16941F00183A92 /* XCRemoteSwiftPackageReference "firebase-ios-sdk" */;
			productName = FirebaseRemoteConfig;
		};
		EB2917E72A16941F00183A92 /* FirebaseRemoteConfigSwift */ = {
			isa = XCSwiftPackageProductDependency;
			package = EB2917B62A16941F00183A92 /* XCRemoteSwiftPackageReference "firebase-ios-sdk" */;
			productName = FirebaseRemoteConfigSwift;
		};
		EB2917E92A16941F00183A92 /* FirebaseStorage */ = {
			isa = XCSwiftPackageProductDependency;
			package = EB2917B62A16941F00183A92 /* XCRemoteSwiftPackageReference "firebase-ios-sdk" */;
			productName = FirebaseStorage;
		};
		EB2917EB2A16941F00183A92 /* FirebaseStorageCombine-Community */ = {
			isa = XCSwiftPackageProductDependency;
			package = EB2917B62A16941F00183A92 /* XCRemoteSwiftPackageReference "firebase-ios-sdk" */;
			productName = "FirebaseStorageCombine-Community";
		};
		EB2917EE2A16958400183A92 /* AlamofireImage */ = {
			isa = XCSwiftPackageProductDependency;
			package = EB2917ED2A16958400183A92 /* XCRemoteSwiftPackageReference "AlamofireImage" */;
			productName = AlamofireImage;
		};
/* End XCSwiftPackageProductDependency section */
	};
	rootObject = EB2917842A1593D900183A92 /* Project object */;
}
